// !$*UTF8*$!
{
	archiveVersion = 1;
	classes = {
	};
	objectVersion = 46;
	objects = {

/* Begin PBXBuildFile section */
		BF66631F18C48C7E001F5E51 /* WVSettings.m in Sources */ = {isa = PBXBuildFile; fileRef = BF66631E18C48C7E001F5E51 /* WVSettings.m */; };
		BF9133C919349A4400606682 /* PlayerSDKTests.h in CopyFiles */ = {isa = PBXBuildFile; fileRef = BFFFA747182F9E31005B3B24 /* PlayerSDKTests.h */; };
		BF9133CA19349A8200606682 /* KPEventListener.h in CopyFiles */ = {isa = PBXBuildFile; fileRef = BFA844751931160600F47E02 /* KPEventListener.h */; };
		BF927EBB18BCD719006667CA /* libstdc++.dylib in Frameworks */ = {isa = PBXBuildFile; fileRef = BF927EBA18BCD719006667CA /* libstdc++.dylib */; };
		BF927EBD18BCD722006667CA /* SystemConfiguration.framework in Frameworks */ = {isa = PBXBuildFile; fileRef = BF927EBC18BCD722006667CA /* SystemConfiguration.framework */; };
		BF927ECE18BCEB62006667CA /* WVSettings.h in CopyFiles */ = {isa = PBXBuildFile; fileRef = BF927ECD18BCEB62006667CA /* WVSettings.h */; };
		BF927ED018BD021A006667CA /* libz.dylib in Frameworks */ = {isa = PBXBuildFile; fileRef = BF927ECF18BD021A006667CA /* libz.dylib */; };
		BFA2DC12194B349F00831A71 /* KalPlayerViewController.h in CopyFiles */ = {isa = PBXBuildFile; fileRef = BFA2DBF61949F29B00831A71 /* KalPlayerViewController.h */; };
		BFA844771931160600F47E02 /* KPEventListener.m in Sources */ = {isa = PBXBuildFile; fileRef = BFA844761931160600F47E02 /* KPEventListener.m */; };
		BFB741D8199BA3CD001E9DDD /* KALPlayer.m in Sources */ = {isa = PBXBuildFile; fileRef = BFB741D7199BA3CD001E9DDD /* KALPlayer.m */; };
		BFC574A51997C296000511B8 /* libWViPhoneAPI.a in Frameworks */ = {isa = PBXBuildFile; fileRef = BFC574A41997C296000511B8 /* libWViPhoneAPI.a */; };
		BFDF5FCE19B3240A00C9F9AC /* KALChromecastPlayer.h in CopyFiles */ = {isa = PBXBuildFile; fileRef = BFE34297199BE70600C63F74 /* KALChromecastPlayer.h */; };
		BFDF5FCF19B3241D00C9F9AC /* KalPlayerViewController.m in Sources */ = {isa = PBXBuildFile; fileRef = BFA2DBF71949F29B00831A71 /* KalPlayerViewController.m */; };
		BFDF5FD019B3243600C9F9AC /* KALChromecastPlayer.m in Sources */ = {isa = PBXBuildFile; fileRef = BFE34298199BE70600C63F74 /* KALChromecastPlayer.m */; };
		BFDF5FD219B33D0400C9F9AC /* GoogleCast.framework in Frameworks */ = {isa = PBXBuildFile; fileRef = BFE3E2FB199CC9AB00666F32 /* GoogleCast.framework */; };
		BFE3437B19A4A97800BBD1FD /* ChromecastDeviceController.h in CopyFiles */ = {isa = PBXBuildFile; fileRef = BFE3429A199BE78900C63F74 /* ChromecastDeviceController.h */; };
		BFE3437C19A4A98200BBD1FD /* ChromecastDeviceController.m in Sources */ = {isa = PBXBuildFile; fileRef = BFE3429B199BE78900C63F74 /* ChromecastDeviceController.m */; };
		BFE3E2F5199CB40400666F32 /* KALPlayer.h in CopyFiles */ = {isa = PBXBuildFile; fileRef = BFB741D6199BA3CD001E9DDD /* KALPlayer.h */; };
		BFFFA72B182F9E31005B3B24 /* Foundation.framework in Frameworks */ = {isa = PBXBuildFile; fileRef = BFFFA72A182F9E31005B3B24 /* Foundation.framework */; };
		BFFFA730182F9E31005B3B24 /* PlayerSDK.h in CopyFiles */ = {isa = PBXBuildFile; fileRef = BFFFA72F182F9E31005B3B24 /* PlayerSDK.h */; };
		BFFFA732182F9E31005B3B24 /* PlayerSDK.m in Sources */ = {isa = PBXBuildFile; fileRef = BFFFA731182F9E31005B3B24 /* PlayerSDK.m */; };
		BFFFA73A182F9E31005B3B24 /* SenTestingKit.framework in Frameworks */ = {isa = PBXBuildFile; fileRef = BFFFA739182F9E31005B3B24 /* SenTestingKit.framework */; };
		BFFFA73D182F9E31005B3B24 /* Foundation.framework in Frameworks */ = {isa = PBXBuildFile; fileRef = BFFFA72A182F9E31005B3B24 /* Foundation.framework */; };
		BFFFA740182F9E31005B3B24 /* libKalPlayerSDK.a in Frameworks */ = {isa = PBXBuildFile; fileRef = BFFFA727182F9E31005B3B24 /* libKalPlayerSDK.a */; };
		BFFFA746182F9E31005B3B24 /* InfoPlist.strings in Resources */ = {isa = PBXBuildFile; fileRef = BFFFA744182F9E31005B3B24 /* InfoPlist.strings */; };
		BFFFA749182F9E31005B3B24 /* PlayerSDKTests.m in Sources */ = {isa = PBXBuildFile; fileRef = BFFFA748182F9E31005B3B24 /* PlayerSDKTests.m */; };
		BFFFA754182F9E66005B3B24 /* KALPlayerControlsWebView.m in Sources */ = {isa = PBXBuildFile; fileRef = BFFFA753182F9E66005B3B24 /* KALPlayerControlsWebView.m */; };
		BFFFA755182F9E66005B3B24 /* KALPlayerControlsWebView.m in Sources */ = {isa = PBXBuildFile; fileRef = BFFFA753182F9E66005B3B24 /* KALPlayerControlsWebView.m */; };
		BFFFA776182FA012005B3B24 /* UIKit.framework in Frameworks */ = {isa = PBXBuildFile; fileRef = BFFFA775182FA012005B3B24 /* UIKit.framework */; };
		BFFFA872182FB834005B3B24 /* KALPlayerControlsWebView.h in CopyFiles */ = {isa = PBXBuildFile; fileRef = BFFFA752182F9E66005B3B24 /* KALPlayerControlsWebView.h */; };
/* End PBXBuildFile section */

/* Begin PBXContainerItemProxy section */
		BFFFA73E182F9E31005B3B24 /* PBXContainerItemProxy */ = {
			isa = PBXContainerItemProxy;
			containerPortal = BFFFA71F182F9E31005B3B24 /* Project object */;
			proxyType = 1;
			remoteGlobalIDString = BFFFA726182F9E31005B3B24;
			remoteInfo = PlayerSDK;
		};
/* End PBXContainerItemProxy section */

/* Begin PBXCopyFilesBuildPhase section */
		BFFFA725182F9E31005B3B24 /* CopyFiles */ = {
			isa = PBXCopyFilesBuildPhase;
			buildActionMask = 12;
			dstPath = "include/${PRODUCT_NAME}";
			dstSubfolderSpec = 16;
			files = (
				BFDF5FCE19B3240A00C9F9AC /* KALChromecastPlayer.h in CopyFiles */,
				BFE3437B19A4A97800BBD1FD /* ChromecastDeviceController.h in CopyFiles */,
				BFE3E2F5199CB40400666F32 /* KALPlayer.h in CopyFiles */,
				BFA2DC12194B349F00831A71 /* KalPlayerViewController.h in CopyFiles */,
				BF9133CA19349A8200606682 /* KPEventListener.h in CopyFiles */,
				BF9133C919349A4400606682 /* PlayerSDKTests.h in CopyFiles */,
				BF927ECE18BCEB62006667CA /* WVSettings.h in CopyFiles */,
				BFFFA872182FB834005B3B24 /* KALPlayerControlsWebView.h in CopyFiles */,
				BFFFA730182F9E31005B3B24 /* PlayerSDK.h in CopyFiles */,
			);
			runOnlyForDeploymentPostprocessing = 0;
		};
/* End PBXCopyFilesBuildPhase section */

/* Begin PBXFileReference section */
		BF66631E18C48C7E001F5E51 /* WVSettings.m */ = {isa = PBXFileReference; fileEncoding = 4; lastKnownFileType = sourcecode.c.objc; path = WVSettings.m; sourceTree = SOURCE_ROOT; };
		BF927EBA18BCD719006667CA /* libstdc++.dylib */ = {isa = PBXFileReference; lastKnownFileType = "compiled.mach-o.dylib"; name = "libstdc++.dylib"; path = "usr/lib/libstdc++.dylib"; sourceTree = SDKROOT; };
		BF927EBC18BCD722006667CA /* SystemConfiguration.framework */ = {isa = PBXFileReference; lastKnownFileType = wrapper.framework; name = SystemConfiguration.framework; path = System/Library/Frameworks/SystemConfiguration.framework; sourceTree = SDKROOT; };
		BF927EBF18BCD75A006667CA /* WViPhoneAPI.h */ = {isa = PBXFileReference; fileEncoding = 4; lastKnownFileType = sourcecode.c.h; name = WViPhoneAPI.h; path = ../WViPhoneAPI.h; sourceTree = "<group>"; };
		BF927ECD18BCEB62006667CA /* WVSettings.h */ = {isa = PBXFileReference; lastKnownFileType = sourcecode.c.h; name = WVSettings.h; path = ../WVSettings.h; sourceTree = "<group>"; };
		BF927ECF18BD021A006667CA /* libz.dylib */ = {isa = PBXFileReference; lastKnownFileType = "compiled.mach-o.dylib"; name = libz.dylib; path = usr/lib/libz.dylib; sourceTree = SDKROOT; };
		BFA2DBF61949F29B00831A71 /* KalPlayerViewController.h */ = {isa = PBXFileReference; fileEncoding = 4; lastKnownFileType = sourcecode.c.h; path = KalPlayerViewController.h; sourceTree = "<group>"; };
		BFA2DBF71949F29B00831A71 /* KalPlayerViewController.m */ = {isa = PBXFileReference; fileEncoding = 4; lastKnownFileType = sourcecode.c.objc; path = KalPlayerViewController.m; sourceTree = "<group>"; };
		BFA844751931160600F47E02 /* KPEventListener.h */ = {isa = PBXFileReference; fileEncoding = 4; lastKnownFileType = sourcecode.c.h; path = KPEventListener.h; sourceTree = "<group>"; };
		BFA844761931160600F47E02 /* KPEventListener.m */ = {isa = PBXFileReference; fileEncoding = 4; lastKnownFileType = sourcecode.c.objc; path = KPEventListener.m; sourceTree = "<group>"; };
		BFB741D6199BA3CD001E9DDD /* KALPlayer.h */ = {isa = PBXFileReference; fileEncoding = 4; lastKnownFileType = sourcecode.c.h; path = KALPlayer.h; sourceTree = "<group>"; };
		BFB741D7199BA3CD001E9DDD /* KALPlayer.m */ = {isa = PBXFileReference; fileEncoding = 4; lastKnownFileType = sourcecode.c.objc; path = KALPlayer.m; sourceTree = "<group>"; };
		BFC574A41997C296000511B8 /* libWViPhoneAPI.a */ = {isa = PBXFileReference; lastKnownFileType = archive.ar; path = libWViPhoneAPI.a; sourceTree = SOURCE_ROOT; };
		BFE34297199BE70600C63F74 /* KALChromecastPlayer.h */ = {isa = PBXFileReference; fileEncoding = 4; lastKnownFileType = sourcecode.c.h; path = KALChromecastPlayer.h; sourceTree = "<group>"; };
		BFE34298199BE70600C63F74 /* KALChromecastPlayer.m */ = {isa = PBXFileReference; fileEncoding = 4; lastKnownFileType = sourcecode.c.objc; path = KALChromecastPlayer.m; sourceTree = "<group>"; };
		BFE3429A199BE78900C63F74 /* ChromecastDeviceController.h */ = {isa = PBXFileReference; fileEncoding = 4; lastKnownFileType = sourcecode.c.h; path = ChromecastDeviceController.h; sourceTree = SOURCE_ROOT; };
		BFE3429B199BE78900C63F74 /* ChromecastDeviceController.m */ = {isa = PBXFileReference; fileEncoding = 4; lastKnownFileType = sourcecode.c.objc; path = ChromecastDeviceController.m; sourceTree = SOURCE_ROOT; };
		BFE3E2FB199CC9AB00666F32 /* GoogleCast.framework */ = {isa = PBXFileReference; lastKnownFileType = wrapper.framework; path = GoogleCast.framework; sourceTree = "<group>"; };
		BFFFA727182F9E31005B3B24 /* libKalPlayerSDK.a */ = {isa = PBXFileReference; explicitFileType = archive.ar; includeInIndex = 0; path = libKalPlayerSDK.a; sourceTree = BUILT_PRODUCTS_DIR; };
		BFFFA72A182F9E31005B3B24 /* Foundation.framework */ = {isa = PBXFileReference; lastKnownFileType = wrapper.framework; name = Foundation.framework; path = System/Library/Frameworks/Foundation.framework; sourceTree = SDKROOT; };
		BFFFA72E182F9E31005B3B24 /* KalPlayerSDK-Prefix.pch */ = {isa = PBXFileReference; lastKnownFileType = sourcecode.c.h; path = "KalPlayerSDK-Prefix.pch"; sourceTree = "<group>"; };
		BFFFA72F182F9E31005B3B24 /* PlayerSDK.h */ = {isa = PBXFileReference; lastKnownFileType = sourcecode.c.h; path = PlayerSDK.h; sourceTree = "<group>"; };
		BFFFA731182F9E31005B3B24 /* PlayerSDK.m */ = {isa = PBXFileReference; lastKnownFileType = sourcecode.c.objc; path = PlayerSDK.m; sourceTree = "<group>"; };
		BFFFA738182F9E31005B3B24 /* KalPlayerSDKTests.octest */ = {isa = PBXFileReference; explicitFileType = wrapper.cfbundle; includeInIndex = 0; path = KalPlayerSDKTests.octest; sourceTree = BUILT_PRODUCTS_DIR; };
		BFFFA739182F9E31005B3B24 /* SenTestingKit.framework */ = {isa = PBXFileReference; lastKnownFileType = wrapper.framework; name = SenTestingKit.framework; path = Library/Frameworks/SenTestingKit.framework; sourceTree = DEVELOPER_DIR; };
		BFFFA743182F9E31005B3B24 /* KalPlayerSDKTests-Info.plist */ = {isa = PBXFileReference; lastKnownFileType = text.plist.xml; path = "KalPlayerSDKTests-Info.plist"; sourceTree = "<group>"; };
		BFFFA745182F9E31005B3B24 /* en */ = {isa = PBXFileReference; lastKnownFileType = text.plist.strings; name = en; path = en.lproj/InfoPlist.strings; sourceTree = "<group>"; };
		BFFFA747182F9E31005B3B24 /* PlayerSDKTests.h */ = {isa = PBXFileReference; lastKnownFileType = sourcecode.c.h; path = PlayerSDKTests.h; sourceTree = "<group>"; };
		BFFFA748182F9E31005B3B24 /* PlayerSDKTests.m */ = {isa = PBXFileReference; lastKnownFileType = sourcecode.c.objc; path = PlayerSDKTests.m; sourceTree = "<group>"; };
		BFFFA752182F9E66005B3B24 /* KALPlayerControlsWebView.h */ = {isa = PBXFileReference; fileEncoding = 4; lastKnownFileType = sourcecode.c.h; path = KALPlayerControlsWebView.h; sourceTree = "<group>"; };
		BFFFA753182F9E66005B3B24 /* KALPlayerControlsWebView.m */ = {isa = PBXFileReference; fileEncoding = 4; lastKnownFileType = sourcecode.c.objc; path = KALPlayerControlsWebView.m; sourceTree = "<group>"; };
		BFFFA775182FA012005B3B24 /* UIKit.framework */ = {isa = PBXFileReference; lastKnownFileType = wrapper.framework; name = UIKit.framework; path = System/Library/Frameworks/UIKit.framework; sourceTree = SDKROOT; };
/* End PBXFileReference section */

/* Begin PBXFrameworksBuildPhase section */
		BFFFA724182F9E31005B3B24 /* Frameworks */ = {
			isa = PBXFrameworksBuildPhase;
			buildActionMask = 2147483647;
			files = (
				BFDF5FD219B33D0400C9F9AC /* GoogleCast.framework in Frameworks */,
				BF927ED018BD021A006667CA /* libz.dylib in Frameworks */,
				BF927EBD18BCD722006667CA /* SystemConfiguration.framework in Frameworks */,
				BFC574A51997C296000511B8 /* libWViPhoneAPI.a in Frameworks */,
				BF927EBB18BCD719006667CA /* libstdc++.dylib in Frameworks */,
				BFFFA776182FA012005B3B24 /* UIKit.framework in Frameworks */,
				BFFFA72B182F9E31005B3B24 /* Foundation.framework in Frameworks */,
			);
			runOnlyForDeploymentPostprocessing = 0;
		};
		BFFFA734182F9E31005B3B24 /* Frameworks */ = {
			isa = PBXFrameworksBuildPhase;
			buildActionMask = 2147483647;
			files = (
				BFFFA73A182F9E31005B3B24 /* SenTestingKit.framework in Frameworks */,
				BFFFA73D182F9E31005B3B24 /* Foundation.framework in Frameworks */,
				BFFFA740182F9E31005B3B24 /* libKalPlayerSDK.a in Frameworks */,
			);
			runOnlyForDeploymentPostprocessing = 0;
		};
/* End PBXFrameworksBuildPhase section */

/* Begin PBXGroup section */
		BF9133CB19349AB700606682 /* KPEventListener */ = {
			isa = PBXGroup;
			children = (
				BFA844751931160600F47E02 /* KPEventListener.h */,
				BFA844761931160600F47E02 /* KPEventListener.m */,
			);
			name = KPEventListener;
			sourceTree = "<group>";
		};
		BFA6F0D918BB796500F7C78F /* WideVine */ = {
			isa = PBXGroup;
			children = (
				BFC574A41997C296000511B8 /* libWViPhoneAPI.a */,
				BF66631E18C48C7E001F5E51 /* WVSettings.m */,
				BF927EBF18BCD75A006667CA /* WViPhoneAPI.h */,
				BF927ECD18BCEB62006667CA /* WVSettings.h */,
			);
			name = WideVine;
			sourceTree = "<group>";
		};
		BFE342A1199BE79000C63F74 /* ChromecastDeviceController */ = {
			isa = PBXGroup;
			children = (
				BFE3429A199BE78900C63F74 /* ChromecastDeviceController.h */,
				BFE3429B199BE78900C63F74 /* ChromecastDeviceController.m */,
			);
			name = ChromecastDeviceController;
			sourceTree = "<group>";
		};
		BFE3E2F2199CAF6200666F32 /* KALChromecastPlayer */ = {
			isa = PBXGroup;
			children = (
				BFE34297199BE70600C63F74 /* KALChromecastPlayer.h */,
				BFE34298199BE70600C63F74 /* KALChromecastPlayer.m */,
			);
			name = KALChromecastPlayer;
			path = ..;
			sourceTree = "<group>";
		};
		BFE3E2F3199CAFCF00666F32 /* KALPlayer */ = {
			isa = PBXGroup;
			children = (
				BFB741D6199BA3CD001E9DDD /* KALPlayer.h */,
				BFB741D7199BA3CD001E9DDD /* KALPlayer.m */,
			);
			name = KALPlayer;
			path = ..;
			sourceTree = "<group>";
		};
		BFFFA71E182F9E31005B3B24 = {
			isa = PBXGroup;
			children = (
				BFFFA775182FA012005B3B24 /* UIKit.framework */,
				BFFFA72C182F9E31005B3B24 /* PlayerSDK */,
				BFFFA741182F9E31005B3B24 /* PlayerSDKTests */,
				BFFFA729182F9E31005B3B24 /* Frameworks */,
				BFFFA728182F9E31005B3B24 /* Products */,
			);
			sourceTree = "<group>";
		};
		BFFFA728182F9E31005B3B24 /* Products */ = {
			isa = PBXGroup;
			children = (
				BFFFA727182F9E31005B3B24 /* libKalPlayerSDK.a */,
				BFFFA738182F9E31005B3B24 /* KalPlayerSDKTests.octest */,
			);
			name = Products;
			sourceTree = "<group>";
		};
		BFFFA729182F9E31005B3B24 /* Frameworks */ = {
			isa = PBXGroup;
			children = (
				BFE3E2FB199CC9AB00666F32 /* GoogleCast.framework */,
				BF927ECF18BD021A006667CA /* libz.dylib */,
				BF927EBC18BCD722006667CA /* SystemConfiguration.framework */,
				BF927EBA18BCD719006667CA /* libstdc++.dylib */,
				BFFFA72A182F9E31005B3B24 /* Foundation.framework */,
				BFFFA739182F9E31005B3B24 /* SenTestingKit.framework */,
			);
			name = Frameworks;
			sourceTree = "<group>";
		};
		BFFFA72C182F9E31005B3B24 /* PlayerSDK */ = {
			isa = PBXGroup;
			children = (
				BFFFA877182FB8E4005B3B24 /* KalPlayerViewController */,
				BFE3E2F3199CAFCF00666F32 /* KALPlayer */,
				BFE3E2F2199CAF6200666F32 /* KALChromecastPlayer */,
				BFE342A1199BE79000C63F74 /* ChromecastDeviceController */,
				BFA6F0D918BB796500F7C78F /* WideVine */,
				BFFFA774182F9F10005B3B24 /* PlayerControlsWebView */,
				BFFFA88C182FCE1B005B3B24 /* PlayerSDK */,
				BFFFA72D182F9E31005B3B24 /* Supporting Files */,
				BF9133CB19349AB700606682 /* KPEventListener */,
			);
			path = PlayerSDK;
			sourceTree = "<group>";
		};
		BFFFA72D182F9E31005B3B24 /* Supporting Files */ = {
			isa = PBXGroup;
			children = (
				BFFFA72E182F9E31005B3B24 /* KalPlayerSDK-Prefix.pch */,
			);
			name = "Supporting Files";
			sourceTree = "<group>";
		};
		BFFFA741182F9E31005B3B24 /* PlayerSDKTests */ = {
			isa = PBXGroup;
			children = (
				BFFFA747182F9E31005B3B24 /* PlayerSDKTests.h */,
				BFFFA748182F9E31005B3B24 /* PlayerSDKTests.m */,
				BFFFA742182F9E31005B3B24 /* Supporting Files */,
			);
			path = PlayerSDKTests;
			sourceTree = "<group>";
		};
		BFFFA742182F9E31005B3B24 /* Supporting Files */ = {
			isa = PBXGroup;
			children = (
				BFFFA743182F9E31005B3B24 /* KalPlayerSDKTests-Info.plist */,
				BFFFA744182F9E31005B3B24 /* InfoPlist.strings */,
			);
			name = "Supporting Files";
			sourceTree = "<group>";
		};
		BFFFA774182F9F10005B3B24 /* PlayerControlsWebView */ = {
			isa = PBXGroup;
			children = (
				BFFFA752182F9E66005B3B24 /* KALPlayerControlsWebView.h */,
				BFFFA753182F9E66005B3B24 /* KALPlayerControlsWebView.m */,
			);
			name = PlayerControlsWebView;
			sourceTree = "<group>";
		};
		BFFFA877182FB8E4005B3B24 /* KalPlayerViewController */ = {
			isa = PBXGroup;
			children = (
				BFA2DBF61949F29B00831A71 /* KalPlayerViewController.h */,
				BFA2DBF71949F29B00831A71 /* KalPlayerViewController.m */,
			);
			name = KalPlayerViewController;
			path = ..;
			sourceTree = "<group>";
		};
		BFFFA88C182FCE1B005B3B24 /* PlayerSDK */ = {
			isa = PBXGroup;
			children = (
				BFFFA72F182F9E31005B3B24 /* PlayerSDK.h */,
				BFFFA731182F9E31005B3B24 /* PlayerSDK.m */,
			);
			name = PlayerSDK;
			sourceTree = "<group>";
		};
/* End PBXGroup section */

/* Begin PBXNativeTarget section */
		BFFFA726182F9E31005B3B24 /* KalPlayerSDK */ = {
			isa = PBXNativeTarget;
			buildConfigurationList = BFFFA74C182F9E31005B3B24 /* Build configuration list for PBXNativeTarget "KalPlayerSDK" */;
			buildPhases = (
				BFFFA723182F9E31005B3B24 /* Sources */,
				BFFFA724182F9E31005B3B24 /* Frameworks */,
				BFFFA725182F9E31005B3B24 /* CopyFiles */,
			);
			buildRules = (
			);
			dependencies = (
			);
			name = KalPlayerSDK;
			productName = PlayerSDK;
			productReference = BFFFA727182F9E31005B3B24 /* libKalPlayerSDK.a */;
			productType = "com.apple.product-type.library.static";
		};
		BFFFA737182F9E31005B3B24 /* KalPlayerSDKTests */ = {
			isa = PBXNativeTarget;
			buildConfigurationList = BFFFA74F182F9E31005B3B24 /* Build configuration list for PBXNativeTarget "KalPlayerSDKTests" */;
			buildPhases = (
				BFFFA733182F9E31005B3B24 /* Sources */,
				BFFFA734182F9E31005B3B24 /* Frameworks */,
				BFFFA735182F9E31005B3B24 /* Resources */,
				BFFFA736182F9E31005B3B24 /* ShellScript */,
			);
			buildRules = (
			);
			dependencies = (
				BFFFA73F182F9E31005B3B24 /* PBXTargetDependency */,
			);
			name = KalPlayerSDKTests;
			productName = PlayerSDKTests;
			productReference = BFFFA738182F9E31005B3B24 /* KalPlayerSDKTests.octest */;
			productType = "com.apple.product-type.bundle";
		};
/* End PBXNativeTarget section */

/* Begin PBXProject section */
		BFFFA71F182F9E31005B3B24 /* Project object */ = {
			isa = PBXProject;
			attributes = {
				LastUpgradeCheck = 0510;
				ORGANIZATIONNAME = Kaltura;
			};
			buildConfigurationList = BFFFA722182F9E31005B3B24 /* Build configuration list for PBXProject "KalPlayerSDK" */;
			compatibilityVersion = "Xcode 3.2";
			developmentRegion = English;
			hasScannedForEncodings = 0;
			knownRegions = (
				en,
			);
			mainGroup = BFFFA71E182F9E31005B3B24;
			productRefGroup = BFFFA728182F9E31005B3B24 /* Products */;
			projectDirPath = "";
			projectRoot = "";
			targets = (
				BFFFA726182F9E31005B3B24 /* KalPlayerSDK */,
				BFFFA737182F9E31005B3B24 /* KalPlayerSDKTests */,
			);
		};
/* End PBXProject section */

/* Begin PBXResourcesBuildPhase section */
		BFFFA735182F9E31005B3B24 /* Resources */ = {
			isa = PBXResourcesBuildPhase;
			buildActionMask = 2147483647;
			files = (
				BFFFA746182F9E31005B3B24 /* InfoPlist.strings in Resources */,
			);
			runOnlyForDeploymentPostprocessing = 0;
		};
/* End PBXResourcesBuildPhase section */

/* Begin PBXShellScriptBuildPhase section */
		BFFFA736182F9E31005B3B24 /* ShellScript */ = {
			isa = PBXShellScriptBuildPhase;
			buildActionMask = 2147483647;
			files = (
			);
			inputPaths = (
			);
			outputPaths = (
			);
			runOnlyForDeploymentPostprocessing = 0;
			shellPath = /bin/sh;
			shellScript = "# Run the unit tests in this test bundle.\n\"${SYSTEM_DEVELOPER_DIR}/Tools/RunUnitTests\"\n";
		};
/* End PBXShellScriptBuildPhase section */

/* Begin PBXSourcesBuildPhase section */
		BFFFA723182F9E31005B3B24 /* Sources */ = {
			isa = PBXSourcesBuildPhase;
			buildActionMask = 2147483647;
			files = (
				BFDF5FD019B3243600C9F9AC /* KALChromecastPlayer.m in Sources */,
				BFDF5FCF19B3241D00C9F9AC /* KalPlayerViewController.m in Sources */,
				BFE3437C19A4A98200BBD1FD /* ChromecastDeviceController.m in Sources */,
				BFFFA732182F9E31005B3B24 /* PlayerSDK.m in Sources */,
				BF66631F18C48C7E001F5E51 /* WVSettings.m in Sources */,
				BFB741D8199BA3CD001E9DDD /* KALPlayer.m in Sources */,
				BFA844771931160600F47E02 /* KPEventListener.m in Sources */,
				BFFFA754182F9E66005B3B24 /* KALPlayerControlsWebView.m in Sources */,
			);
			runOnlyForDeploymentPostprocessing = 0;
		};
		BFFFA733182F9E31005B3B24 /* Sources */ = {
			isa = PBXSourcesBuildPhase;
			buildActionMask = 2147483647;
			files = (
				BFFFA749182F9E31005B3B24 /* PlayerSDKTests.m in Sources */,
				BFFFA755182F9E66005B3B24 /* KALPlayerControlsWebView.m in Sources */,
			);
			runOnlyForDeploymentPostprocessing = 0;
		};
/* End PBXSourcesBuildPhase section */

/* Begin PBXTargetDependency section */
		BFFFA73F182F9E31005B3B24 /* PBXTargetDependency */ = {
			isa = PBXTargetDependency;
			target = BFFFA726182F9E31005B3B24 /* KalPlayerSDK */;
			targetProxy = BFFFA73E182F9E31005B3B24 /* PBXContainerItemProxy */;
		};
/* End PBXTargetDependency section */

/* Begin PBXVariantGroup section */
		BFFFA744182F9E31005B3B24 /* InfoPlist.strings */ = {
			isa = PBXVariantGroup;
			children = (
				BFFFA745182F9E31005B3B24 /* en */,
			);
			name = InfoPlist.strings;
			sourceTree = "<group>";
		};
/* End PBXVariantGroup section */

/* Begin XCBuildConfiguration section */
		BFFFA74A182F9E31005B3B24 /* Debug */ = {
			isa = XCBuildConfiguration;
			buildSettings = {
				ALWAYS_SEARCH_USER_PATHS = YES;
				"ARCHS[sdk=iphoneos*]" = "$(ARCHS_STANDARD_32_BIT)";
				"ARCHS[sdk=iphonesimulator*]" = "$(ARCHS_STANDARD)";
				CLANG_CXX_LANGUAGE_STANDARD = "compiler-default";
				CLANG_CXX_LIBRARY = "compiler-default";
				CLANG_ENABLE_OBJC_ARC = YES;
				CLANG_WARN_CONSTANT_CONVERSION = NO;
				CLANG_WARN_EMPTY_BODY = YES;
				CLANG_WARN_ENUM_CONVERSION = NO;
				CLANG_WARN_INT_CONVERSION = NO;
				CLANG_WARN__DUPLICATE_METHOD_MATCH = NO;
				COPY_PHASE_STRIP = YES;
				GCC_C_LANGUAGE_STANDARD = c99;
				GCC_DYNAMIC_NO_PIC = NO;
				GCC_OPTIMIZATION_LEVEL = 0;
				GCC_PREPROCESSOR_DEFINITIONS = (
					"DEBUG=1",
					"$(inherited)",
				);
				GCC_SYMBOLS_PRIVATE_EXTERN = NO;
				GCC_WARN_ABOUT_RETURN_TYPE = YES;
				GCC_WARN_UNINITIALIZED_AUTOS = YES;
				GCC_WARN_UNUSED_VARIABLE = YES;
				HEADER_SEARCH_PATHS = (
					"$(inherited)",
					/Applications/Xcode.app/Contents/Developer/Toolchains/XcodeDefault.xctoolchain/usr/include,
					"\"$(SRCROOT)/WViPhoneAPI.h\"",
				);
				IPHONEOS_DEPLOYMENT_TARGET = 4.3;
				LIBRARY_SEARCH_PATHS = "\"$(SRCROOT)/libWViPhoneAPI.a\"";
				ONLY_ACTIVE_ARCH = NO;
				SDKROOT = iphoneos;
				TARGETED_DEVICE_FAMILY = "1,2";
				VALIDATE_PRODUCT = NO;
				VALID_ARCHS = armv7;
			};
			name = Debug;
		};
		BFFFA74B182F9E31005B3B24 /* Release */ = {
			isa = XCBuildConfiguration;
			buildSettings = {
				ALWAYS_SEARCH_USER_PATHS = YES;
				"ARCHS[sdk=iphoneos*]" = "$(ARCHS_STANDARD_32_BIT)";
				"ARCHS[sdk=iphonesimulator*]" = i386;
				CLANG_CXX_LANGUAGE_STANDARD = "compiler-default";
				CLANG_CXX_LIBRARY = "compiler-default";
				CLANG_ENABLE_OBJC_ARC = YES;
				CLANG_WARN_CONSTANT_CONVERSION = NO;
				CLANG_WARN_EMPTY_BODY = YES;
				CLANG_WARN_ENUM_CONVERSION = NO;
				CLANG_WARN_INT_CONVERSION = NO;
				CLANG_WARN__DUPLICATE_METHOD_MATCH = NO;
				COPY_PHASE_STRIP = YES;
				GCC_C_LANGUAGE_STANDARD = c99;
				GCC_WARN_ABOUT_RETURN_TYPE = YES;
				GCC_WARN_UNINITIALIZED_AUTOS = YES;
				GCC_WARN_UNUSED_VARIABLE = YES;
				HEADER_SEARCH_PATHS = (
					"$(inherited)",
					/Applications/Xcode.app/Contents/Developer/Toolchains/XcodeDefault.xctoolchain/usr/include,
					"\"$(SRCROOT)/WViPhoneAPI.h\"",
				);
				IPHONEOS_DEPLOYMENT_TARGET = 4.3;
				"IPHONEOS_DEPLOYMENT_TARGET[sdk=iphoneos*]" = 5.1.1;
				LIBRARY_SEARCH_PATHS = "\"$(SRCROOT)/libWViPhoneAPI.a\"";
				ONLY_ACTIVE_ARCH = NO;
				OTHER_CFLAGS = "-DNS_BLOCK_ASSERTIONS=1";
				SDKROOT = iphoneos;
				TARGETED_DEVICE_FAMILY = "1,2";
				VALIDATE_PRODUCT = NO;
				VALID_ARCHS = armv7;
			};
			name = Release;
		};
		BFFFA74D182F9E31005B3B24 /* Debug */ = {
			isa = XCBuildConfiguration;
			buildSettings = {
				"ARCHS[sdk=iphoneos*]" = "$(ARCHS_STANDARD_32_BIT)";
				"ARCHS[sdk=iphonesimulator*]" = "$(ARCHS_STANDARD)";
				CLANG_CXX_LANGUAGE_STANDARD = "compiler-default";
				CLANG_CXX_LIBRARY = "compiler-default";
				DSTROOT = /tmp/PlayerSDK.dst;
				FRAMEWORK_SEARCH_PATHS = (
					"$(inherited)",
					"\"$(SYSTEM_APPS_DIR)/Xcode.app/Contents/Developer/Library/Frameworks\"",
					"$(PROJECT_DIR)",
				);
				GCC_C_LANGUAGE_STANDARD = c99;
				GCC_PRECOMPILE_PREFIX_HEADER = YES;
				GCC_PREFIX_HEADER = "PlayerSDK/KalPlayerSDK-Prefix.pch";
				LIBRARY_SEARCH_PATHS = (
					"$(inherited)",
					.,
					"$(PROJECT_DIR)",
				);
				ONLY_ACTIVE_ARCH = NO;
				OTHER_CPLUSPLUSFLAGS = "$(OTHER_CFLAGS)";
				OTHER_LDFLAGS = "-ObjC";
				PRODUCT_NAME = KalPlayerSDK;
				SKIP_INSTALL = YES;
				VALID_ARCHS = armv7;
			};
			name = Debug;
		};
		BFFFA74E182F9E31005B3B24 /* Release */ = {
			isa = XCBuildConfiguration;
			buildSettings = {
				"ARCHS[sdk=iphoneos*]" = "$(ARCHS_STANDARD_32_BIT)";
				"ARCHS[sdk=iphonesimulator*]" = i386;
				CLANG_CXX_LANGUAGE_STANDARD = "compiler-default";
				CLANG_CXX_LIBRARY = "compiler-default";
				DSTROOT = /tmp/PlayerSDK.dst;
				FRAMEWORK_SEARCH_PATHS = (
					"$(inherited)",
					"\"$(SYSTEM_APPS_DIR)/Xcode.app/Contents/Developer/Library/Frameworks\"",
					"$(PROJECT_DIR)",
				);
				GCC_C_LANGUAGE_STANDARD = c99;
				GCC_PRECOMPILE_PREFIX_HEADER = YES;
				GCC_PREFIX_HEADER = "PlayerSDK/KalPlayerSDK-Prefix.pch";
				"IPHONEOS_DEPLOYMENT_TARGET[sdk=iphoneos*]" = 5.1.1;
				LIBRARY_SEARCH_PATHS = (
					"$(inherited)",
					.,
					"$(PROJECT_DIR)",
				);
				ONLY_ACTIVE_ARCH = NO;
				OTHER_LDFLAGS = "-ObjC";
				PRODUCT_NAME = KalPlayerSDK;
				SKIP_INSTALL = YES;
				VALID_ARCHS = armv7;
			};
			name = Release;
		};
		BFFFA750182F9E31005B3B24 /* Debug */ = {
			isa = XCBuildConfiguration;
			buildSettings = {
				FRAMEWORK_SEARCH_PATHS = (
					"\"$(SDKROOT)/Developer/Library/Frameworks\"",
					"\"$(DEVELOPER_LIBRARY_DIR)/Frameworks\"",
				);
				GCC_PRECOMPILE_PREFIX_HEADER = YES;
				GCC_PREFIX_HEADER = "PlayerSDK/PlayerSDK-Prefix.pch";
				INFOPLIST_FILE = "PlayerSDKTests/KalPlayerSDKTests-Info.plist";
				PRODUCT_NAME = KalPlayerSDKTests;
				VALID_ARCHS = armv7;
				WRAPPER_EXTENSION = octest;
			};
			name = Debug;
		};
		BFFFA751182F9E31005B3B24 /* Release */ = {
			isa = XCBuildConfiguration;
			buildSettings = {
				FRAMEWORK_SEARCH_PATHS = (
					"\"$(SDKROOT)/Developer/Library/Frameworks\"",
					"\"$(DEVELOPER_LIBRARY_DIR)/Frameworks\"",
				);
				GCC_PRECOMPILE_PREFIX_HEADER = YES;
				GCC_PREFIX_HEADER = "PlayerSDK/PlayerSDK-Prefix.pch";
				INFOPLIST_FILE = "PlayerSDKTests/KalPlayerSDKTests-Info.plist";
				PRODUCT_NAME = KalPlayerSDKTests;
				VALID_ARCHS = armv7;
				WRAPPER_EXTENSION = octest;
			};
			name = Release;
		};
/* End XCBuildConfiguration section */

/* Begin XCConfigurationList section */
		BFFFA722182F9E31005B3B24 /* Build configuration list for PBXProject "KalPlayerSDK" */ = {
			isa = XCConfigurationList;
			buildConfigurations = (
				BFFFA74A182F9E31005B3B24 /* Debug */,
				BFFFA74B182F9E31005B3B24 /* Release */,
			);
			defaultConfigurationIsVisible = 0;
			defaultConfigurationName = Release;
		};
		BFFFA74C182F9E31005B3B24 /* Build configuration list for PBXNativeTarget "KalPlayerSDK" */ = {
			isa = XCConfigurationList;
			buildConfigurations = (
				BFFFA74D182F9E31005B3B24 /* Debug */,
				BFFFA74E182F9E31005B3B24 /* Release */,
			);
			defaultConfigurationIsVisible = 0;
			defaultConfigurationName = Release;
		};
		BFFFA74F182F9E31005B3B24 /* Build configuration list for PBXNativeTarget "KalPlayerSDKTests" */ = {
			isa = XCConfigurationList;
			buildConfigurations = (
				BFFFA750182F9E31005B3B24 /* Debug */,
				BFFFA751182F9E31005B3B24 /* Release */,
			);
			defaultConfigurationIsVisible = 0;
			defaultConfigurationName = Release;
		};
/* End XCConfigurationList section */
	};
	rootObject = BFFFA71F182F9E31005B3B24 /* Project object */;
}
