// !$*UTF8*$!
{
	archiveVersion = 1;
	classes = {
	};
	objectVersion = 46;
	objects = {

/* Begin PBXBuildFile section */
		B30BADEA1A21ED06008E5E67 /* NSDictionary+Strategy.m in Sources */ = {isa = PBXBuildFile; fileRef = B30BADE91A21ED06008E5E67 /* NSDictionary+Strategy.m */; };
		B329CD0A1AB19AC6004AB647 /* KPlayer.m in Sources */ = {isa = PBXBuildFile; fileRef = B329CD091AB19AC6004AB647 /* KPlayer.m */; };
		B32A5CDC1A2492C10051DC7F /* FacebookStrategy.h in CopyFiles */ = {isa = PBXBuildFile; fileRef = B39BEC791A0A728A0085BA26 /* FacebookStrategy.h */; };
		B32A5CDD1A2492C10051DC7F /* TwitterStrategy.h in CopyFiles */ = {isa = PBXBuildFile; fileRef = B39BEC811A0A80C00085BA26 /* TwitterStrategy.h */; };
		B32A5CDE1A2492C10051DC7F /* GoogleplusStrategy.h in CopyFiles */ = {isa = PBXBuildFile; fileRef = B380C2801A1B7E3800BF172F /* GoogleplusStrategy.h */; };
		B32A5CDF1A2492C10051DC7F /* EmailStrategy.h in CopyFiles */ = {isa = PBXBuildFile; fileRef = B39BEC8A1A0B6EC40085BA26 /* EmailStrategy.h */; };
		B32A5CE01A2492C10051DC7F /* SmsStrategy.h in CopyFiles */ = {isa = PBXBuildFile; fileRef = B39BEC8D1A0B72760085BA26 /* SmsStrategy.h */; };
		B32A5CE11A2492C10051DC7F /* KPShareManager.h in CopyFiles */ = {isa = PBXBuildFile; fileRef = B3932ACF1A0A0DA000AC0442 /* KPShareManager.h */; };
		B32A5CE21A2492C10051DC7F /* NSDictionary+Strategy.h in CopyFiles */ = {isa = PBXBuildFile; fileRef = B30BADE81A21ED06008E5E67 /* NSDictionary+Strategy.h */; };
		B32A5CE71A25D4C00051DC7F /* KPBrowserViewController.h in CopyFiles */ = {isa = PBXBuildFile; fileRef = B39BEC981A0BCB280085BA26 /* KPBrowserViewController.h */; };
		B32A5CEE1A2723730051DC7F /* KPWebKitBrowserViewController.m in Sources */ = {isa = PBXBuildFile; fileRef = B32A5CED1A2723730051DC7F /* KPWebKitBrowserViewController.m */; };
		B3301D5D1AB6FAD700E9778C /* KPlayerController.m in Sources */ = {isa = PBXBuildFile; fileRef = B3301D5C1AB6FAD700E9778C /* KPlayerController.m */; };
		B3410D471A6C12E300275F00 /* libGoogleIMA3.a in Frameworks */ = {isa = PBXBuildFile; fileRef = B3410D241A6C0E5A00275F00 /* libGoogleIMA3.a */; };
		B3410D481A6C12E300275F00 /* libWViPhoneAPI.a in Frameworks */ = {isa = PBXBuildFile; fileRef = BFC574A41997C296000511B8 /* libWViPhoneAPI.a */; };
		B3410D4D1A6D45E000275F00 /* NSMutableDictionary+AdSupport.m in Sources */ = {isa = PBXBuildFile; fileRef = B3410D4C1A6D45E000275F00 /* NSMutableDictionary+AdSupport.m */; };
		B34454271A46BE2700AB20DE /* KPLogManager.h in CopyFiles */ = {isa = PBXBuildFile; fileRef = B35B85761A43258200DCDBF7 /* KPLogManager.h */; };
		B34454281A46BE2700AB20DE /* KPLog.h in CopyFiles */ = {isa = PBXBuildFile; fileRef = B35B85751A43258200DCDBF7 /* KPLog.h */; };
		B34454291A46BE2700AB20DE /* KPWebKitBrowserViewController.h in CopyFiles */ = {isa = PBXBuildFile; fileRef = B32A5CEC1A2723730051DC7F /* KPWebKitBrowserViewController.h */; };
		B35A5DA41AC1A1DA001E7D98 /* WVPlayer.m in Sources */ = {isa = PBXBuildFile; fileRef = B35A5DA31AC1A1DA001E7D98 /* WVPlayer.m */; };
		B35B85771A43258200DCDBF7 /* KPLogManager.m in Sources */ = {isa = PBXBuildFile; fileRef = B35B85731A43258200DCDBF7 /* KPLogManager.m */; };
		B35B85781A43258200DCDBF7 /* KPLog.m in Sources */ = {isa = PBXBuildFile; fileRef = B35B85741A43258200DCDBF7 /* KPLog.m */; };
		B36674381A90914A00C3A4A7 /* player-sdk-native-ios.podspec in Resources */ = {isa = PBXBuildFile; fileRef = B36674371A90914A00C3A4A7 /* player-sdk-native-ios.podspec */; };
		B37288911A84FD790076DD33 /* IMAAd.h in CopyFiles */ = {isa = PBXBuildFile; fileRef = B322E0E31A77BE77005509B6 /* IMAAd.h */; };
		B37288921A84FD790076DD33 /* IMAAdDisplayContainer.h in CopyFiles */ = {isa = PBXBuildFile; fileRef = B322E0E41A77BE77005509B6 /* IMAAdDisplayContainer.h */; };
		B37288931A84FD790076DD33 /* IMAAdError.h in CopyFiles */ = {isa = PBXBuildFile; fileRef = B322E0E51A77BE77005509B6 /* IMAAdError.h */; };
		B37288941A84FD790076DD33 /* IMAAdEvent.h in CopyFiles */ = {isa = PBXBuildFile; fileRef = B322E0E61A77BE77005509B6 /* IMAAdEvent.h */; };
		B37288951A84FD790076DD33 /* IMAAdPlaybackInfo.h in CopyFiles */ = {isa = PBXBuildFile; fileRef = B322E0E71A77BE77005509B6 /* IMAAdPlaybackInfo.h */; };
		B37288961A84FD790076DD33 /* IMAAdPodInfo.h in CopyFiles */ = {isa = PBXBuildFile; fileRef = B322E0E81A77BE77005509B6 /* IMAAdPodInfo.h */; };
		B37288971A84FD790076DD33 /* IMAAdsLoader.h in CopyFiles */ = {isa = PBXBuildFile; fileRef = B322E0E91A77BE77005509B6 /* IMAAdsLoader.h */; };
		B37288981A84FD790076DD33 /* IMAAdsManager.h in CopyFiles */ = {isa = PBXBuildFile; fileRef = B322E0EA1A77BE77005509B6 /* IMAAdsManager.h */; };
		B37288991A84FD790076DD33 /* IMAAdsRenderingSettings.h in CopyFiles */ = {isa = PBXBuildFile; fileRef = B322E0EB1A77BE77005509B6 /* IMAAdsRenderingSettings.h */; };
		B372889A1A84FD790076DD33 /* IMAAdsRequest.h in CopyFiles */ = {isa = PBXBuildFile; fileRef = B322E0EC1A77BE77005509B6 /* IMAAdsRequest.h */; };
		B372889B1A84FD790076DD33 /* IMAAVPlayerContentPlayhead.h in CopyFiles */ = {isa = PBXBuildFile; fileRef = B322E0ED1A77BE77005509B6 /* IMAAVPlayerContentPlayhead.h */; };
		B372889C1A84FD790076DD33 /* IMACompanionAdSlot.h in CopyFiles */ = {isa = PBXBuildFile; fileRef = B322E0EE1A77BE77005509B6 /* IMACompanionAdSlot.h */; };
		B372889D1A84FD790076DD33 /* IMAContentPlayhead.h in CopyFiles */ = {isa = PBXBuildFile; fileRef = B322E0EF1A77BE77005509B6 /* IMAContentPlayhead.h */; };
		B372889E1A84FD790076DD33 /* IMAUiElements.h in CopyFiles */ = {isa = PBXBuildFile; fileRef = B322E0F01A77BE77005509B6 /* IMAUiElements.h */; };
		B372889F1A84FD790076DD33 /* KPIMAPlayerViewController.h in CopyFiles */ = {isa = PBXBuildFile; fileRef = B3E58C421A76714700603B10 /* KPIMAPlayerViewController.h */; };
		B37288A41A85087E0076DD33 /* KArchiver.m in Sources */ = {isa = PBXBuildFile; fileRef = B37288A31A85087E0076DD33 /* KArchiver.m */; };
		B37289371A8789260076DD33 /* KPBrowserViewController.xib in Resources */ = {isa = PBXBuildFile; fileRef = B33E5DAB1A1CEA2000A14A1B /* KPBrowserViewController.xib */; };
		B37289381A8789300076DD33 /* KPWebKitBrowserViewController.xib in Resources */ = {isa = PBXBuildFile; fileRef = B32A5CEF1A27308C0051DC7F /* KPWebKitBrowserViewController.xib */; };
		B37FAA781A405AE0003FBA78 /* DeviceParamsHandler.h in CopyFiles */ = {isa = PBXBuildFile; fileRef = B3F0F7001A3726CA00615DC4 /* DeviceParamsHandler.h */; };
		B380C2821A1B7E3800BF172F /* GoogleplusStrategy.m in Sources */ = {isa = PBXBuildFile; fileRef = B380C2811A1B7E3800BF172F /* GoogleplusStrategy.m */; };
		B3932AD11A0A0DA000AC0442 /* KPShareManager.m in Sources */ = {isa = PBXBuildFile; fileRef = B3932AD01A0A0DA000AC0442 /* KPShareManager.m */; };
		B39BEC7B1A0A728A0085BA26 /* FacebookStrategy.m in Sources */ = {isa = PBXBuildFile; fileRef = B39BEC7A1A0A728A0085BA26 /* FacebookStrategy.m */; };
		B39BEC831A0A80C00085BA26 /* TwitterStrategy.m in Sources */ = {isa = PBXBuildFile; fileRef = B39BEC821A0A80C00085BA26 /* TwitterStrategy.m */; };
		B39BEC8C1A0B6EC40085BA26 /* EmailStrategy.m in Sources */ = {isa = PBXBuildFile; fileRef = B39BEC8B1A0B6EC40085BA26 /* EmailStrategy.m */; };
		B39BEC8F1A0B72760085BA26 /* SmsStrategy.m in Sources */ = {isa = PBXBuildFile; fileRef = B39BEC8E1A0B72760085BA26 /* SmsStrategy.m */; };
		B39BEC9A1A0BCB280085BA26 /* KPBrowserViewController.m in Sources */ = {isa = PBXBuildFile; fileRef = B39BEC991A0BCB280085BA26 /* KPBrowserViewController.m */; };
		B3A701C71A962296007D48DA /* linkedinStrategy.m in Sources */ = {isa = PBXBuildFile; fileRef = B3A701C61A962296007D48DA /* linkedinStrategy.m */; };
		B3C27BEF1A2DE0BB003108CB /* KPPlayerConfig.m in Sources */ = {isa = PBXBuildFile; fileRef = B3C27BEE1A2DE0BB003108CB /* KPPlayerConfig.m */; };
		B3C27BF41A2DF024003108CB /* KPViewControllerProtocols.h in CopyFiles */ = {isa = PBXBuildFile; fileRef = B3C27BF31A2DEDFF003108CB /* KPViewControllerProtocols.h */; };
		B3C27BF51A2DF03E003108CB /* KPPlayerConfig.h in CopyFiles */ = {isa = PBXBuildFile; fileRef = B3C27BED1A2DE0BB003108CB /* KPPlayerConfig.h */; };
		B3C27BF91A2DFE12003108CB /* NSString+Utilities.m in Sources */ = {isa = PBXBuildFile; fileRef = B3C27BF81A2DFE12003108CB /* NSString+Utilities.m */; };
		B3C27BFD1A2F2936003108CB /* NSString+Utilities.h in CopyFiles */ = {isa = PBXBuildFile; fileRef = B3C27BF71A2DFE12003108CB /* NSString+Utilities.h */; };
		B3E58C441A76714700603B10 /* KPIMAPlayerViewController.m in Sources */ = {isa = PBXBuildFile; fileRef = B3E58C431A76714700603B10 /* KPIMAPlayerViewController.m */; };
		B3F0F7021A3726CA00615DC4 /* DeviceParamsHandler.m in Sources */ = {isa = PBXBuildFile; fileRef = B3F0F7011A3726CA00615DC4 /* DeviceParamsHandler.m */; };
		BFA2DC12194B349F00831A71 /* KPViewController.h in CopyFiles */ = {isa = PBXBuildFile; fileRef = BFA2DBF61949F29B00831A71 /* KPViewController.h */; };
		BFDF5FCE19B3240A00C9F9AC /* KPChromecast.h in CopyFiles */ = {isa = PBXBuildFile; fileRef = BFE34297199BE70600C63F74 /* KPChromecast.h */; };
		BFDF5FCF19B3241D00C9F9AC /* KPViewController.m in Sources */ = {isa = PBXBuildFile; fileRef = BFA2DBF71949F29B00831A71 /* KPViewController.m */; };
		BFDF5FD019B3243600C9F9AC /* KPChromecast.m in Sources */ = {isa = PBXBuildFile; fileRef = BFE34298199BE70600C63F74 /* KPChromecast.m */; };
		BFE3437B19A4A97800BBD1FD /* ChromecastDeviceController.h in CopyFiles */ = {isa = PBXBuildFile; fileRef = BFE3429A199BE78900C63F74 /* ChromecastDeviceController.h */; };
		BFE3437C19A4A98200BBD1FD /* ChromecastDeviceController.m in Sources */ = {isa = PBXBuildFile; fileRef = BFE3429B199BE78900C63F74 /* ChromecastDeviceController.m */; };
		BFFFA754182F9E66005B3B24 /* KPControlsWebView.m in Sources */ = {isa = PBXBuildFile; fileRef = BFFFA753182F9E66005B3B24 /* KPControlsWebView.m */; };
		BFFFA872182FB834005B3B24 /* KPControlsWebView.h in CopyFiles */ = {isa = PBXBuildFile; fileRef = BFFFA752182F9E66005B3B24 /* KPControlsWebView.h */; };
/* End PBXBuildFile section */

/* Begin PBXContainerItemProxy section */
		B37289351A8788A20076DD33 /* PBXContainerItemProxy */ = {
			isa = PBXContainerItemProxy;
			containerPortal = BFFFA71F182F9E31005B3B24 /* Project object */;
			proxyType = 1;
			remoteGlobalIDString = B372892D1A8787D00076DD33;
			remoteInfo = KPlayerResources;
		};
/* End PBXContainerItemProxy section */

/* Begin PBXCopyFilesBuildPhase section */
		BFFFA725182F9E31005B3B24 /* CopyFiles */ = {
			isa = PBXCopyFilesBuildPhase;
			buildActionMask = 12;
			dstPath = "include/${PRODUCT_NAME}";
			dstSubfolderSpec = 16;
			files = (
				B37288911A84FD790076DD33 /* IMAAd.h in CopyFiles */,
				B37288921A84FD790076DD33 /* IMAAdDisplayContainer.h in CopyFiles */,
				B37288931A84FD790076DD33 /* IMAAdError.h in CopyFiles */,
				B37288941A84FD790076DD33 /* IMAAdEvent.h in CopyFiles */,
				B37288951A84FD790076DD33 /* IMAAdPlaybackInfo.h in CopyFiles */,
				B37288961A84FD790076DD33 /* IMAAdPodInfo.h in CopyFiles */,
				B37288971A84FD790076DD33 /* IMAAdsLoader.h in CopyFiles */,
				B37288981A84FD790076DD33 /* IMAAdsManager.h in CopyFiles */,
				B37288991A84FD790076DD33 /* IMAAdsRenderingSettings.h in CopyFiles */,
				B372889A1A84FD790076DD33 /* IMAAdsRequest.h in CopyFiles */,
				B372889B1A84FD790076DD33 /* IMAAVPlayerContentPlayhead.h in CopyFiles */,
				B372889C1A84FD790076DD33 /* IMACompanionAdSlot.h in CopyFiles */,
				B372889D1A84FD790076DD33 /* IMAContentPlayhead.h in CopyFiles */,
				B372889E1A84FD790076DD33 /* IMAUiElements.h in CopyFiles */,
				B372889F1A84FD790076DD33 /* KPIMAPlayerViewController.h in CopyFiles */,
				B34454271A46BE2700AB20DE /* KPLogManager.h in CopyFiles */,
				B34454281A46BE2700AB20DE /* KPLog.h in CopyFiles */,
				B34454291A46BE2700AB20DE /* KPWebKitBrowserViewController.h in CopyFiles */,
				B37FAA781A405AE0003FBA78 /* DeviceParamsHandler.h in CopyFiles */,
				B3C27BFD1A2F2936003108CB /* NSString+Utilities.h in CopyFiles */,
				B3C27BF51A2DF03E003108CB /* KPPlayerConfig.h in CopyFiles */,
				B3C27BF41A2DF024003108CB /* KPViewControllerProtocols.h in CopyFiles */,
				B32A5CE71A25D4C00051DC7F /* KPBrowserViewController.h in CopyFiles */,
				B32A5CDC1A2492C10051DC7F /* FacebookStrategy.h in CopyFiles */,
				B32A5CDD1A2492C10051DC7F /* TwitterStrategy.h in CopyFiles */,
				B32A5CDE1A2492C10051DC7F /* GoogleplusStrategy.h in CopyFiles */,
				B32A5CDF1A2492C10051DC7F /* EmailStrategy.h in CopyFiles */,
				B32A5CE01A2492C10051DC7F /* SmsStrategy.h in CopyFiles */,
				B32A5CE11A2492C10051DC7F /* KPShareManager.h in CopyFiles */,
				B32A5CE21A2492C10051DC7F /* NSDictionary+Strategy.h in CopyFiles */,
				BFDF5FCE19B3240A00C9F9AC /* KPChromecast.h in CopyFiles */,
				BFE3437B19A4A97800BBD1FD /* ChromecastDeviceController.h in CopyFiles */,
				BFA2DC12194B349F00831A71 /* KPViewController.h in CopyFiles */,
				BFFFA872182FB834005B3B24 /* KPControlsWebView.h in CopyFiles */,
			);
			runOnlyForDeploymentPostprocessing = 0;
		};
/* End PBXCopyFilesBuildPhase section */

/* Begin PBXFileReference section */
		B30BADE81A21ED06008E5E67 /* NSDictionary+Strategy.h */ = {isa = PBXFileReference; fileEncoding = 4; lastKnownFileType = sourcecode.c.h; path = "NSDictionary+Strategy.h"; sourceTree = "<group>"; };
		B30BADE91A21ED06008E5E67 /* NSDictionary+Strategy.m */ = {isa = PBXFileReference; fileEncoding = 4; lastKnownFileType = sourcecode.c.objc; path = "NSDictionary+Strategy.m"; sourceTree = "<group>"; };
		B322E0E31A77BE77005509B6 /* IMAAd.h */ = {isa = PBXFileReference; fileEncoding = 4; lastKnownFileType = sourcecode.c.h; path = IMAAd.h; sourceTree = "<group>"; };
		B322E0E41A77BE77005509B6 /* IMAAdDisplayContainer.h */ = {isa = PBXFileReference; fileEncoding = 4; lastKnownFileType = sourcecode.c.h; path = IMAAdDisplayContainer.h; sourceTree = "<group>"; };
		B322E0E51A77BE77005509B6 /* IMAAdError.h */ = {isa = PBXFileReference; fileEncoding = 4; lastKnownFileType = sourcecode.c.h; path = IMAAdError.h; sourceTree = "<group>"; };
		B322E0E61A77BE77005509B6 /* IMAAdEvent.h */ = {isa = PBXFileReference; fileEncoding = 4; lastKnownFileType = sourcecode.c.h; path = IMAAdEvent.h; sourceTree = "<group>"; };
		B322E0E71A77BE77005509B6 /* IMAAdPlaybackInfo.h */ = {isa = PBXFileReference; fileEncoding = 4; lastKnownFileType = sourcecode.c.h; path = IMAAdPlaybackInfo.h; sourceTree = "<group>"; };
		B322E0E81A77BE77005509B6 /* IMAAdPodInfo.h */ = {isa = PBXFileReference; fileEncoding = 4; lastKnownFileType = sourcecode.c.h; path = IMAAdPodInfo.h; sourceTree = "<group>"; };
		B322E0E91A77BE77005509B6 /* IMAAdsLoader.h */ = {isa = PBXFileReference; fileEncoding = 4; lastKnownFileType = sourcecode.c.h; path = IMAAdsLoader.h; sourceTree = "<group>"; };
		B322E0EA1A77BE77005509B6 /* IMAAdsManager.h */ = {isa = PBXFileReference; fileEncoding = 4; lastKnownFileType = sourcecode.c.h; path = IMAAdsManager.h; sourceTree = "<group>"; };
		B322E0EB1A77BE77005509B6 /* IMAAdsRenderingSettings.h */ = {isa = PBXFileReference; fileEncoding = 4; lastKnownFileType = sourcecode.c.h; path = IMAAdsRenderingSettings.h; sourceTree = "<group>"; };
		B322E0EC1A77BE77005509B6 /* IMAAdsRequest.h */ = {isa = PBXFileReference; fileEncoding = 4; lastKnownFileType = sourcecode.c.h; path = IMAAdsRequest.h; sourceTree = "<group>"; };
		B322E0ED1A77BE77005509B6 /* IMAAVPlayerContentPlayhead.h */ = {isa = PBXFileReference; fileEncoding = 4; lastKnownFileType = sourcecode.c.h; path = IMAAVPlayerContentPlayhead.h; sourceTree = "<group>"; };
		B322E0EE1A77BE77005509B6 /* IMACompanionAdSlot.h */ = {isa = PBXFileReference; fileEncoding = 4; lastKnownFileType = sourcecode.c.h; path = IMACompanionAdSlot.h; sourceTree = "<group>"; };
		B322E0EF1A77BE77005509B6 /* IMAContentPlayhead.h */ = {isa = PBXFileReference; fileEncoding = 4; lastKnownFileType = sourcecode.c.h; path = IMAContentPlayhead.h; sourceTree = "<group>"; };
		B322E0F01A77BE77005509B6 /* IMAUiElements.h */ = {isa = PBXFileReference; fileEncoding = 4; lastKnownFileType = sourcecode.c.h; path = IMAUiElements.h; sourceTree = "<group>"; };
		B329CD081AB19AC6004AB647 /* KPlayer.h */ = {isa = PBXFileReference; fileEncoding = 4; lastKnownFileType = sourcecode.c.h; path = KPlayer.h; sourceTree = "<group>"; };
		B329CD091AB19AC6004AB647 /* KPlayer.m */ = {isa = PBXFileReference; fileEncoding = 4; lastKnownFileType = sourcecode.c.objc; path = KPlayer.m; sourceTree = "<group>"; };
		B32A5CEC1A2723730051DC7F /* KPWebKitBrowserViewController.h */ = {isa = PBXFileReference; fileEncoding = 4; lastKnownFileType = sourcecode.c.h; path = KPWebKitBrowserViewController.h; sourceTree = "<group>"; };
		B32A5CED1A2723730051DC7F /* KPWebKitBrowserViewController.m */ = {isa = PBXFileReference; fileEncoding = 4; lastKnownFileType = sourcecode.c.objc; path = KPWebKitBrowserViewController.m; sourceTree = "<group>"; };
		B32A5CEF1A27308C0051DC7F /* KPWebKitBrowserViewController.xib */ = {isa = PBXFileReference; fileEncoding = 4; lastKnownFileType = file.xib; path = KPWebKitBrowserViewController.xib; sourceTree = "<group>"; };
		B3301D5B1AB6FAD700E9778C /* KPlayerController.h */ = {isa = PBXFileReference; fileEncoding = 4; lastKnownFileType = sourcecode.c.h; path = KPlayerController.h; sourceTree = "<group>"; };
		B3301D5C1AB6FAD700E9778C /* KPlayerController.m */ = {isa = PBXFileReference; fileEncoding = 4; lastKnownFileType = sourcecode.c.objc; path = KPlayerController.m; sourceTree = "<group>"; };
		B33E5DAB1A1CEA2000A14A1B /* KPBrowserViewController.xib */ = {isa = PBXFileReference; fileEncoding = 4; lastKnownFileType = file.xib; path = KPBrowserViewController.xib; sourceTree = "<group>"; };
		B3410D241A6C0E5A00275F00 /* libGoogleIMA3.a */ = {isa = PBXFileReference; lastKnownFileType = archive.ar; name = libGoogleIMA3.a; path = ../libGoogleIMA3.a; sourceTree = "<group>"; };
		B3410D4B1A6D45E000275F00 /* NSMutableDictionary+AdSupport.h */ = {isa = PBXFileReference; fileEncoding = 4; lastKnownFileType = sourcecode.c.h; path = "NSMutableDictionary+AdSupport.h"; sourceTree = "<group>"; };
		B3410D4C1A6D45E000275F00 /* NSMutableDictionary+AdSupport.m */ = {isa = PBXFileReference; fileEncoding = 4; lastKnownFileType = sourcecode.c.objc; path = "NSMutableDictionary+AdSupport.m"; sourceTree = "<group>"; };
		B35A5DA21AC1A1DA001E7D98 /* WVPlayer.h */ = {isa = PBXFileReference; fileEncoding = 4; lastKnownFileType = sourcecode.c.h; path = WVPlayer.h; sourceTree = "<group>"; };
		B35A5DA31AC1A1DA001E7D98 /* WVPlayer.m */ = {isa = PBXFileReference; fileEncoding = 4; lastKnownFileType = sourcecode.c.objc; path = WVPlayer.m; sourceTree = "<group>"; };
		B35B85731A43258200DCDBF7 /* KPLogManager.m */ = {isa = PBXFileReference; fileEncoding = 4; lastKnownFileType = sourcecode.c.objc; path = KPLogManager.m; sourceTree = "<group>"; };
		B35B85741A43258200DCDBF7 /* KPLog.m */ = {isa = PBXFileReference; fileEncoding = 4; lastKnownFileType = sourcecode.c.objc; path = KPLog.m; sourceTree = "<group>"; };
		B35B85751A43258200DCDBF7 /* KPLog.h */ = {isa = PBXFileReference; fileEncoding = 4; lastKnownFileType = sourcecode.c.h; path = KPLog.h; sourceTree = "<group>"; };
		B35B85761A43258200DCDBF7 /* KPLogManager.h */ = {isa = PBXFileReference; fileEncoding = 4; lastKnownFileType = sourcecode.c.h; path = KPLogManager.h; sourceTree = "<group>"; };
		B36674371A90914A00C3A4A7 /* player-sdk-native-ios.podspec */ = {isa = PBXFileReference; fileEncoding = 4; lastKnownFileType = text; name = "player-sdk-native-ios.podspec"; path = "../player-sdk-native-ios.podspec"; sourceTree = "<group>"; };
		B37288A21A85087E0076DD33 /* KArchiver.h */ = {isa = PBXFileReference; fileEncoding = 4; lastKnownFileType = sourcecode.c.h; path = KArchiver.h; sourceTree = "<group>"; };
		B37288A31A85087E0076DD33 /* KArchiver.m */ = {isa = PBXFileReference; fileEncoding = 4; lastKnownFileType = sourcecode.c.objc; path = KArchiver.m; sourceTree = "<group>"; };
		B372892E1A8787D00076DD33 /* KALTURAPlayerSDK.bundle */ = {isa = PBXFileReference; explicitFileType = wrapper.cfbundle; includeInIndex = 0; path = KALTURAPlayerSDK.bundle; sourceTree = BUILT_PRODUCTS_DIR; };
		B37289311A8787D00076DD33 /* Info.plist */ = {isa = PBXFileReference; lastKnownFileType = text.plist.xml; path = Info.plist; sourceTree = "<group>"; };
		B380C2801A1B7E3800BF172F /* GoogleplusStrategy.h */ = {isa = PBXFileReference; fileEncoding = 4; lastKnownFileType = sourcecode.c.h; path = GoogleplusStrategy.h; sourceTree = "<group>"; };
		B380C2811A1B7E3800BF172F /* GoogleplusStrategy.m */ = {isa = PBXFileReference; fileEncoding = 4; lastKnownFileType = sourcecode.c.objc; path = GoogleplusStrategy.m; sourceTree = "<group>"; };
		B3932ACF1A0A0DA000AC0442 /* KPShareManager.h */ = {isa = PBXFileReference; fileEncoding = 4; lastKnownFileType = sourcecode.c.h; path = KPShareManager.h; sourceTree = "<group>"; };
		B3932AD01A0A0DA000AC0442 /* KPShareManager.m */ = {isa = PBXFileReference; fileEncoding = 4; lastKnownFileType = sourcecode.c.objc; path = KPShareManager.m; sourceTree = "<group>"; };
		B39BEC791A0A728A0085BA26 /* FacebookStrategy.h */ = {isa = PBXFileReference; fileEncoding = 4; lastKnownFileType = sourcecode.c.h; path = FacebookStrategy.h; sourceTree = "<group>"; };
		B39BEC7A1A0A728A0085BA26 /* FacebookStrategy.m */ = {isa = PBXFileReference; fileEncoding = 4; lastKnownFileType = sourcecode.c.objc; path = FacebookStrategy.m; sourceTree = "<group>"; };
		B39BEC811A0A80C00085BA26 /* TwitterStrategy.h */ = {isa = PBXFileReference; fileEncoding = 4; lastKnownFileType = sourcecode.c.h; path = TwitterStrategy.h; sourceTree = "<group>"; };
		B39BEC821A0A80C00085BA26 /* TwitterStrategy.m */ = {isa = PBXFileReference; fileEncoding = 4; lastKnownFileType = sourcecode.c.objc; path = TwitterStrategy.m; sourceTree = "<group>"; };
		B39BEC8A1A0B6EC40085BA26 /* EmailStrategy.h */ = {isa = PBXFileReference; fileEncoding = 4; lastKnownFileType = sourcecode.c.h; path = EmailStrategy.h; sourceTree = "<group>"; };
		B39BEC8B1A0B6EC40085BA26 /* EmailStrategy.m */ = {isa = PBXFileReference; fileEncoding = 4; lastKnownFileType = sourcecode.c.objc; path = EmailStrategy.m; sourceTree = "<group>"; };
		B39BEC8D1A0B72760085BA26 /* SmsStrategy.h */ = {isa = PBXFileReference; fileEncoding = 4; lastKnownFileType = sourcecode.c.h; path = SmsStrategy.h; sourceTree = "<group>"; };
		B39BEC8E1A0B72760085BA26 /* SmsStrategy.m */ = {isa = PBXFileReference; fileEncoding = 4; lastKnownFileType = sourcecode.c.objc; path = SmsStrategy.m; sourceTree = "<group>"; };
		B39BEC981A0BCB280085BA26 /* KPBrowserViewController.h */ = {isa = PBXFileReference; fileEncoding = 4; lastKnownFileType = sourcecode.c.h; path = KPBrowserViewController.h; sourceTree = "<group>"; };
		B39BEC991A0BCB280085BA26 /* KPBrowserViewController.m */ = {isa = PBXFileReference; fileEncoding = 4; lastKnownFileType = sourcecode.c.objc; path = KPBrowserViewController.m; sourceTree = "<group>"; };
		B3A701C51A962296007D48DA /* linkedinStrategy.h */ = {isa = PBXFileReference; fileEncoding = 4; lastKnownFileType = sourcecode.c.h; path = linkedinStrategy.h; sourceTree = "<group>"; };
		B3A701C61A962296007D48DA /* linkedinStrategy.m */ = {isa = PBXFileReference; fileEncoding = 4; lastKnownFileType = sourcecode.c.objc; path = linkedinStrategy.m; sourceTree = "<group>"; };
		B3C27BED1A2DE0BB003108CB /* KPPlayerConfig.h */ = {isa = PBXFileReference; fileEncoding = 4; lastKnownFileType = sourcecode.c.h; path = KPPlayerConfig.h; sourceTree = "<group>"; };
		B3C27BEE1A2DE0BB003108CB /* KPPlayerConfig.m */ = {isa = PBXFileReference; fileEncoding = 4; lastKnownFileType = sourcecode.c.objc; path = KPPlayerConfig.m; sourceTree = "<group>"; };
		B3C27BF31A2DEDFF003108CB /* KPViewControllerProtocols.h */ = {isa = PBXFileReference; lastKnownFileType = sourcecode.c.h; path = KPViewControllerProtocols.h; sourceTree = "<group>"; };
		B3C27BF71A2DFE12003108CB /* NSString+Utilities.h */ = {isa = PBXFileReference; fileEncoding = 4; lastKnownFileType = sourcecode.c.h; path = "NSString+Utilities.h"; sourceTree = "<group>"; };
		B3C27BF81A2DFE12003108CB /* NSString+Utilities.m */ = {isa = PBXFileReference; fileEncoding = 4; lastKnownFileType = sourcecode.c.objc; path = "NSString+Utilities.m"; sourceTree = "<group>"; };
		B3E58C421A76714700603B10 /* KPIMAPlayerViewController.h */ = {isa = PBXFileReference; fileEncoding = 4; lastKnownFileType = sourcecode.c.h; path = KPIMAPlayerViewController.h; sourceTree = "<group>"; };
		B3E58C431A76714700603B10 /* KPIMAPlayerViewController.m */ = {isa = PBXFileReference; fileEncoding = 4; lastKnownFileType = sourcecode.c.objc; path = KPIMAPlayerViewController.m; sourceTree = "<group>"; };
		B3F0F7001A3726CA00615DC4 /* DeviceParamsHandler.h */ = {isa = PBXFileReference; fileEncoding = 4; lastKnownFileType = sourcecode.c.h; path = DeviceParamsHandler.h; sourceTree = "<group>"; };
		B3F0F7011A3726CA00615DC4 /* DeviceParamsHandler.m */ = {isa = PBXFileReference; fileEncoding = 4; lastKnownFileType = sourcecode.c.objc; path = DeviceParamsHandler.m; sourceTree = "<group>"; };
		BF927EBF18BCD75A006667CA /* WViPhoneAPI.h */ = {isa = PBXFileReference; fileEncoding = 4; lastKnownFileType = sourcecode.c.h; name = WViPhoneAPI.h; path = ../WViPhoneAPI.h; sourceTree = "<group>"; };
		BFA2DBF61949F29B00831A71 /* KPViewController.h */ = {isa = PBXFileReference; fileEncoding = 4; lastKnownFileType = sourcecode.c.h; path = KPViewController.h; sourceTree = "<group>"; };
		BFA2DBF71949F29B00831A71 /* KPViewController.m */ = {isa = PBXFileReference; fileEncoding = 4; lastKnownFileType = sourcecode.c.objc; path = KPViewController.m; sourceTree = "<group>"; };
		BFC574A41997C296000511B8 /* libWViPhoneAPI.a */ = {isa = PBXFileReference; lastKnownFileType = archive.ar; path = libWViPhoneAPI.a; sourceTree = SOURCE_ROOT; };
		BFE34297199BE70600C63F74 /* KPChromecast.h */ = {isa = PBXFileReference; fileEncoding = 4; lastKnownFileType = sourcecode.c.h; path = KPChromecast.h; sourceTree = "<group>"; };
		BFE34298199BE70600C63F74 /* KPChromecast.m */ = {isa = PBXFileReference; fileEncoding = 4; lastKnownFileType = sourcecode.c.objc; path = KPChromecast.m; sourceTree = "<group>"; };
		BFE3429A199BE78900C63F74 /* ChromecastDeviceController.h */ = {isa = PBXFileReference; fileEncoding = 4; lastKnownFileType = sourcecode.c.h; path = ChromecastDeviceController.h; sourceTree = SOURCE_ROOT; };
		BFE3429B199BE78900C63F74 /* ChromecastDeviceController.m */ = {isa = PBXFileReference; fileEncoding = 4; lastKnownFileType = sourcecode.c.objc; path = ChromecastDeviceController.m; sourceTree = SOURCE_ROOT; };
		BFFFA727182F9E31005B3B24 /* libKALTURAPlayerSDK.a */ = {isa = PBXFileReference; explicitFileType = archive.ar; includeInIndex = 0; path = libKALTURAPlayerSDK.a; sourceTree = BUILT_PRODUCTS_DIR; };
		BFFFA72E182F9E31005B3B24 /* PlayerSDK-Prefix.pch */ = {isa = PBXFileReference; lastKnownFileType = sourcecode.c.h; path = "PlayerSDK-Prefix.pch"; sourceTree = "<group>"; };
		BFFFA752182F9E66005B3B24 /* KPControlsWebView.h */ = {isa = PBXFileReference; fileEncoding = 4; lastKnownFileType = sourcecode.c.h; path = KPControlsWebView.h; sourceTree = "<group>"; };
		BFFFA753182F9E66005B3B24 /* KPControlsWebView.m */ = {isa = PBXFileReference; fileEncoding = 4; lastKnownFileType = sourcecode.c.objc; path = KPControlsWebView.m; sourceTree = "<group>"; };
		BFFFA775182FA012005B3B24 /* UIKit.framework */ = {isa = PBXFileReference; lastKnownFileType = wrapper.framework; name = UIKit.framework; path = System/Library/Frameworks/UIKit.framework; sourceTree = SDKROOT; };
/* End PBXFileReference section */

/* Begin PBXFrameworksBuildPhase section */
		B372892B1A8787D00076DD33 /* Frameworks */ = {
			isa = PBXFrameworksBuildPhase;
			buildActionMask = 2147483647;
			files = (
			);
			runOnlyForDeploymentPostprocessing = 0;
		};
		BFFFA724182F9E31005B3B24 /* Frameworks */ = {
			isa = PBXFrameworksBuildPhase;
			buildActionMask = 2147483647;
			files = (
				B3410D471A6C12E300275F00 /* libGoogleIMA3.a in Frameworks */,
				B3410D481A6C12E300275F00 /* libWViPhoneAPI.a in Frameworks */,
			);
			runOnlyForDeploymentPostprocessing = 0;
		};
/* End PBXFrameworksBuildPhase section */

/* Begin PBXGroup section */
		B30BADEE1A223142008E5E67 /* ShareStrategies */ = {
			isa = PBXGroup;
			children = (
				B39BEC791A0A728A0085BA26 /* FacebookStrategy.h */,
				B39BEC7A1A0A728A0085BA26 /* FacebookStrategy.m */,
				B39BEC811A0A80C00085BA26 /* TwitterStrategy.h */,
				B39BEC821A0A80C00085BA26 /* TwitterStrategy.m */,
				B380C2801A1B7E3800BF172F /* GoogleplusStrategy.h */,
				B380C2811A1B7E3800BF172F /* GoogleplusStrategy.m */,
				B39BEC8A1A0B6EC40085BA26 /* EmailStrategy.h */,
				B39BEC8B1A0B6EC40085BA26 /* EmailStrategy.m */,
				B39BEC8D1A0B72760085BA26 /* SmsStrategy.h */,
				B39BEC8E1A0B72760085BA26 /* SmsStrategy.m */,
				B3A701C51A962296007D48DA /* linkedinStrategy.h */,
				B3A701C61A962296007D48DA /* linkedinStrategy.m */,
			);
			name = ShareStrategies;
			sourceTree = "<group>";
		};
		B322E0E21A77BE77005509B6 /* IMA */ = {
			isa = PBXGroup;
			children = (
				B3410D241A6C0E5A00275F00 /* libGoogleIMA3.a */,
				B322E0E31A77BE77005509B6 /* IMAAd.h */,
				B322E0E41A77BE77005509B6 /* IMAAdDisplayContainer.h */,
				B322E0E51A77BE77005509B6 /* IMAAdError.h */,
				B322E0E61A77BE77005509B6 /* IMAAdEvent.h */,
				B322E0E71A77BE77005509B6 /* IMAAdPlaybackInfo.h */,
				B322E0E81A77BE77005509B6 /* IMAAdPodInfo.h */,
				B322E0E91A77BE77005509B6 /* IMAAdsLoader.h */,
				B322E0EA1A77BE77005509B6 /* IMAAdsManager.h */,
				B322E0EB1A77BE77005509B6 /* IMAAdsRenderingSettings.h */,
				B322E0EC1A77BE77005509B6 /* IMAAdsRequest.h */,
				B322E0ED1A77BE77005509B6 /* IMAAVPlayerContentPlayhead.h */,
				B322E0EE1A77BE77005509B6 /* IMACompanionAdSlot.h */,
				B322E0EF1A77BE77005509B6 /* IMAContentPlayhead.h */,
				B322E0F01A77BE77005509B6 /* IMAUiElements.h */,
			);
			path = IMA;
			sourceTree = "<group>";
		};
		B3410D4A1A6D45B200275F00 /* Categories */ = {
			isa = PBXGroup;
			children = (
				B3C27BF71A2DFE12003108CB /* NSString+Utilities.h */,
				B3C27BF81A2DFE12003108CB /* NSString+Utilities.m */,
				B3410D4B1A6D45E000275F00 /* NSMutableDictionary+AdSupport.h */,
				B3410D4C1A6D45E000275F00 /* NSMutableDictionary+AdSupport.m */,
			);
			name = Categories;
			sourceTree = "<group>";
		};
		B372887E1A84AC8C0076DD33 /* DataBase */ = {
			isa = PBXGroup;
			children = (
				B37288A21A85087E0076DD33 /* KArchiver.h */,
				B37288A31A85087E0076DD33 /* KArchiver.m */,
			);
			name = DataBase;
			sourceTree = "<group>";
		};
		B372892F1A8787D00076DD33 /* KPlayerResources */ = {
			isa = PBXGroup;
			children = (
				B37289301A8787D00076DD33 /* Supporting Files */,
			);
			path = KPlayerResources;
			sourceTree = "<group>";
		};
		B37289301A8787D00076DD33 /* Supporting Files */ = {
			isa = PBXGroup;
			children = (
				B37289311A8787D00076DD33 /* Info.plist */,
			);
			name = "Supporting Files";
			sourceTree = "<group>";
		};
		B3932AC81A092C4900AC0442 /* ShareViewContrller */ = {
			isa = PBXGroup;
			children = (
				B39BEC981A0BCB280085BA26 /* KPBrowserViewController.h */,
				B39BEC991A0BCB280085BA26 /* KPBrowserViewController.m */,
				B33E5DAB1A1CEA2000A14A1B /* KPBrowserViewController.xib */,
				B32A5CEC1A2723730051DC7F /* KPWebKitBrowserViewController.h */,
				B32A5CED1A2723730051DC7F /* KPWebKitBrowserViewController.m */,
				B32A5CEF1A27308C0051DC7F /* KPWebKitBrowserViewController.xib */,
			);
			name = ShareViewContrller;
			sourceTree = "<group>";
		};
		B3932ACE1A0A0D7A00AC0442 /* ShareManager */ = {
			isa = PBXGroup;
			children = (
				B3932AC81A092C4900AC0442 /* ShareViewContrller */,
				B30BADEE1A223142008E5E67 /* ShareStrategies */,
				B3932ACF1A0A0DA000AC0442 /* KPShareManager.h */,
				B3932AD01A0A0DA000AC0442 /* KPShareManager.m */,
				B30BADE81A21ED06008E5E67 /* NSDictionary+Strategy.h */,
				B30BADE91A21ED06008E5E67 /* NSDictionary+Strategy.m */,
			);
			name = ShareManager;
			sourceTree = "<group>";
		};
		BFA6F0D918BB796500F7C78F /* WideVine */ = {
			isa = PBXGroup;
			children = (
				BFC574A41997C296000511B8 /* libWViPhoneAPI.a */,
				BF927EBF18BCD75A006667CA /* WViPhoneAPI.h */,
			);
			name = WideVine;
			sourceTree = "<group>";
		};
		BFE342A1199BE79000C63F74 /* ChromecastDeviceController */ = {
			isa = PBXGroup;
			children = (
				BFE3429A199BE78900C63F74 /* ChromecastDeviceController.h */,
				BFE3429B199BE78900C63F74 /* ChromecastDeviceController.m */,
			);
			name = ChromecastDeviceController;
			sourceTree = "<group>";
		};
		BFE3E2F2199CAF6200666F32 /* KPChromecast */ = {
			isa = PBXGroup;
			children = (
				BFE34297199BE70600C63F74 /* KPChromecast.h */,
				BFE34298199BE70600C63F74 /* KPChromecast.m */,
			);
			name = KPChromecast;
			path = ..;
			sourceTree = "<group>";
		};
		BFE3E2F3199CAFCF00666F32 /* KalturaPlayer */ = {
			isa = PBXGroup;
			children = (
				B3301D5B1AB6FAD700E9778C /* KPlayerController.h */,
				B3301D5C1AB6FAD700E9778C /* KPlayerController.m */,
				B322E0E21A77BE77005509B6 /* IMA */,
				B3E58C421A76714700603B10 /* KPIMAPlayerViewController.h */,
				B3E58C431A76714700603B10 /* KPIMAPlayerViewController.m */,
				B329CD081AB19AC6004AB647 /* KPlayer.h */,
				B329CD091AB19AC6004AB647 /* KPlayer.m */,
				B35A5DA21AC1A1DA001E7D98 /* WVPlayer.h */,
				B35A5DA31AC1A1DA001E7D98 /* WVPlayer.m */,
			);
			name = KalturaPlayer;
			path = ..;
			sourceTree = "<group>";
		};
		BFFFA71E182F9E31005B3B24 = {
			isa = PBXGroup;
			children = (
				B36674371A90914A00C3A4A7 /* player-sdk-native-ios.podspec */,
				BFFFA775182FA012005B3B24 /* UIKit.framework */,
				BFFFA72C182F9E31005B3B24 /* KALTURAPlayerSDK */,
				B372892F1A8787D00076DD33 /* KPlayerResources */,
				BFFFA728182F9E31005B3B24 /* Products */,
			);
			sourceTree = "<group>";
		};
		BFFFA728182F9E31005B3B24 /* Products */ = {
			isa = PBXGroup;
			children = (
				BFFFA727182F9E31005B3B24 /* libKALTURAPlayerSDK.a */,
				B372892E1A8787D00076DD33 /* KALTURAPlayerSDK.bundle */,
			);
			name = Products;
			sourceTree = "<group>";
		};
		BFFFA72C182F9E31005B3B24 /* KALTURAPlayerSDK */ = {
			isa = PBXGroup;
			children = (
				B372887E1A84AC8C0076DD33 /* DataBase */,
				B3410D4A1A6D45B200275F00 /* Categories */,
				B35B85761A43258200DCDBF7 /* KPLogManager.h */,
				B35B85731A43258200DCDBF7 /* KPLogManager.m */,
				B35B85751A43258200DCDBF7 /* KPLog.h */,
				B35B85741A43258200DCDBF7 /* KPLog.m */,
				B3C27BF31A2DEDFF003108CB /* KPViewControllerProtocols.h */,
				B3F0F7001A3726CA00615DC4 /* DeviceParamsHandler.h */,
				B3F0F7011A3726CA00615DC4 /* DeviceParamsHandler.m */,
				B3932ACE1A0A0D7A00AC0442 /* ShareManager */,
				BFFFA877182FB8E4005B3B24 /* KPViewController */,
				BFE3E2F3199CAFCF00666F32 /* KalturaPlayer */,
				BFE3E2F2199CAF6200666F32 /* KPChromecast */,
				BFE342A1199BE79000C63F74 /* ChromecastDeviceController */,
				BFA6F0D918BB796500F7C78F /* WideVine */,
				BFFFA774182F9F10005B3B24 /* KPControlsWebView */,
				BFFFA72D182F9E31005B3B24 /* Supporting Files */,
			);
			name = KALTURAPlayerSDK;
			path = PlayerSDK;
			sourceTree = "<group>";
		};
		BFFFA72D182F9E31005B3B24 /* Supporting Files */ = {
			isa = PBXGroup;
			children = (
				BFFFA72E182F9E31005B3B24 /* PlayerSDK-Prefix.pch */,
			);
			name = "Supporting Files";
			sourceTree = "<group>";
		};
		BFFFA774182F9F10005B3B24 /* KPControlsWebView */ = {
			isa = PBXGroup;
			children = (
				BFFFA752182F9E66005B3B24 /* KPControlsWebView.h */,
				BFFFA753182F9E66005B3B24 /* KPControlsWebView.m */,
			);
			name = KPControlsWebView;
			sourceTree = "<group>";
		};
		BFFFA877182FB8E4005B3B24 /* KPViewController */ = {
			isa = PBXGroup;
			children = (
				B3C27BED1A2DE0BB003108CB /* KPPlayerConfig.h */,
				B3C27BEE1A2DE0BB003108CB /* KPPlayerConfig.m */,
				BFA2DBF61949F29B00831A71 /* KPViewController.h */,
				BFA2DBF71949F29B00831A71 /* KPViewController.m */,
			);
			name = KPViewController;
			path = ..;
			sourceTree = "<group>";
		};
/* End PBXGroup section */

/* Begin PBXNativeTarget section */
		B372892D1A8787D00076DD33 /* KPlayerResources */ = {
			isa = PBXNativeTarget;
			buildConfigurationList = B37289341A8787D00076DD33 /* Build configuration list for PBXNativeTarget "KPlayerResources" */;
			buildPhases = (
				B372892A1A8787D00076DD33 /* Sources */,
				B372892B1A8787D00076DD33 /* Frameworks */,
				B372892C1A8787D00076DD33 /* Resources */,
			);
			buildRules = (
			);
			dependencies = (
			);
			name = KPlayerResources;
			productName = KPlayerResources;
			productReference = B372892E1A8787D00076DD33 /* KALTURAPlayerSDK.bundle */;
			productType = "com.apple.product-type.bundle";
		};
		BFFFA726182F9E31005B3B24 /* KALTURAPlayerSDK */ = {
			isa = PBXNativeTarget;
			buildConfigurationList = BFFFA74C182F9E31005B3B24 /* Build configuration list for PBXNativeTarget "KALTURAPlayerSDK" */;
			buildPhases = (
				BFFFA723182F9E31005B3B24 /* Sources */,
				BFFFA724182F9E31005B3B24 /* Frameworks */,
				BFFFA725182F9E31005B3B24 /* CopyFiles */,
				B39BEC961A0BC7510085BA26 /* Resources */,
			);
			buildRules = (
			);
			dependencies = (
				B37289361A8788A20076DD33 /* PBXTargetDependency */,
			);
			name = KALTURAPlayerSDK;
			productName = PlayerSDK;
			productReference = BFFFA727182F9E31005B3B24 /* libKALTURAPlayerSDK.a */;
			productType = "com.apple.product-type.library.static";
		};
/* End PBXNativeTarget section */

/* Begin PBXProject section */
		BFFFA71F182F9E31005B3B24 /* Project object */ = {
			isa = PBXProject;
			attributes = {
				LastTestingUpgradeCheck = 0610;
				LastUpgradeCheck = 0610;
				ORGANIZATIONNAME = Kaltura;
				TargetAttributes = {
					B372892D1A8787D00076DD33 = {
						CreatedOnToolsVersion = 6.1.1;
					};
				};
			};
			buildConfigurationList = BFFFA722182F9E31005B3B24 /* Build configuration list for PBXProject "KALTURAPlayerSDK" */;
			compatibilityVersion = "Xcode 3.2";
			developmentRegion = English;
			hasScannedForEncodings = 0;
			knownRegions = (
				en,
			);
			mainGroup = BFFFA71E182F9E31005B3B24;
			productRefGroup = BFFFA728182F9E31005B3B24 /* Products */;
			projectDirPath = "";
			projectRoot = "";
			targets = (
				BFFFA726182F9E31005B3B24 /* KALTURAPlayerSDK */,
				B372892D1A8787D00076DD33 /* KPlayerResources */,
			);
		};
/* End PBXProject section */

/* Begin PBXResourcesBuildPhase section */
		B372892C1A8787D00076DD33 /* Resources */ = {
			isa = PBXResourcesBuildPhase;
			buildActionMask = 2147483647;
			files = (
				B37289381A8789300076DD33 /* KPWebKitBrowserViewController.xib in Resources */,
				B37289371A8789260076DD33 /* KPBrowserViewController.xib in Resources */,
			);
			runOnlyForDeploymentPostprocessing = 0;
		};
		B39BEC961A0BC7510085BA26 /* Resources */ = {
			isa = PBXResourcesBuildPhase;
			buildActionMask = 2147483647;
			files = (
				B36674381A90914A00C3A4A7 /* player-sdk-native-ios.podspec in Resources */,
			);
			runOnlyForDeploymentPostprocessing = 0;
		};
/* End PBXResourcesBuildPhase section */

/* Begin PBXSourcesBuildPhase section */
		B372892A1A8787D00076DD33 /* Sources */ = {
			isa = PBXSourcesBuildPhase;
			buildActionMask = 2147483647;
			files = (
			);
			runOnlyForDeploymentPostprocessing = 0;
		};
		BFFFA723182F9E31005B3B24 /* Sources */ = {
			isa = PBXSourcesBuildPhase;
			buildActionMask = 2147483647;
			files = (
				BFDF5FD019B3243600C9F9AC /* KPChromecast.m in Sources */,
				BFDF5FCF19B3241D00C9F9AC /* KPViewController.m in Sources */,
				B3F0F7021A3726CA00615DC4 /* DeviceParamsHandler.m in Sources */,
				B39BEC7B1A0A728A0085BA26 /* FacebookStrategy.m in Sources */,
				B329CD0A1AB19AC6004AB647 /* KPlayer.m in Sources */,
				B3E58C441A76714700603B10 /* KPIMAPlayerViewController.m in Sources */,
				B3C27BF91A2DFE12003108CB /* NSString+Utilities.m in Sources */,
				B39BEC9A1A0BCB280085BA26 /* KPBrowserViewController.m in Sources */,
				BFE3437C19A4A98200BBD1FD /* ChromecastDeviceController.m in Sources */,
				B35B85781A43258200DCDBF7 /* KPLog.m in Sources */,
				B35A5DA41AC1A1DA001E7D98 /* WVPlayer.m in Sources */,
				B30BADEA1A21ED06008E5E67 /* NSDictionary+Strategy.m in Sources */,
				B39BEC8F1A0B72760085BA26 /* SmsStrategy.m in Sources */,
				B39BEC831A0A80C00085BA26 /* TwitterStrategy.m in Sources */,
				B37288A41A85087E0076DD33 /* KArchiver.m in Sources */,
				B3410D4D1A6D45E000275F00 /* NSMutableDictionary+AdSupport.m in Sources */,
				B3301D5D1AB6FAD700E9778C /* KPlayerController.m in Sources */,
				B3932AD11A0A0DA000AC0442 /* KPShareManager.m in Sources */,
				B32A5CEE1A2723730051DC7F /* KPWebKitBrowserViewController.m in Sources */,
				BFFFA754182F9E66005B3B24 /* KPControlsWebView.m in Sources */,
				B3C27BEF1A2DE0BB003108CB /* KPPlayerConfig.m in Sources */,
				B3A701C71A962296007D48DA /* linkedinStrategy.m in Sources */,
				B380C2821A1B7E3800BF172F /* GoogleplusStrategy.m in Sources */,
				B35B85771A43258200DCDBF7 /* KPLogManager.m in Sources */,
				B39BEC8C1A0B6EC40085BA26 /* EmailStrategy.m in Sources */,
			);
			runOnlyForDeploymentPostprocessing = 0;
		};
/* End PBXSourcesBuildPhase section */

/* Begin PBXTargetDependency section */
		B37289361A8788A20076DD33 /* PBXTargetDependency */ = {
			isa = PBXTargetDependency;
			target = B372892D1A8787D00076DD33 /* KPlayerResources */;
			targetProxy = B37289351A8788A20076DD33 /* PBXContainerItemProxy */;
		};
/* End PBXTargetDependency section */

/* Begin XCBuildConfiguration section */
		B37289321A8787D00076DD33 /* Debug */ = {
			isa = XCBuildConfiguration;
			buildSettings = {
				ALWAYS_SEARCH_USER_PATHS = NO;
				CLANG_CXX_LANGUAGE_STANDARD = "gnu++0x";
				CLANG_CXX_LIBRARY = "libc++";
				CLANG_ENABLE_MODULES = YES;
				CLANG_WARN_BOOL_CONVERSION = YES;
				CLANG_WARN_CONSTANT_CONVERSION = YES;
				CLANG_WARN_DIRECT_OBJC_ISA_USAGE = YES_ERROR;
				CLANG_WARN_ENUM_CONVERSION = YES;
				CLANG_WARN_INT_CONVERSION = YES;
				CLANG_WARN_OBJC_ROOT_CLASS = YES_ERROR;
				CLANG_WARN_UNREACHABLE_CODE = YES;
				CLANG_WARN__DUPLICATE_METHOD_MATCH = YES;
				COMBINE_HIDPI_IMAGES = NO;
				COPY_PHASE_STRIP = NO;
				ENABLE_STRICT_OBJC_MSGSEND = YES;
				GCC_C_LANGUAGE_STANDARD = gnu99;
				GCC_PREPROCESSOR_DEFINITIONS = (
					"DEBUG=1",
					"$(inherited)",
				);
				GCC_WARN_64_TO_32_BIT_CONVERSION = YES;
				GCC_WARN_ABOUT_RETURN_TYPE = YES_ERROR;
				GCC_WARN_UNDECLARED_SELECTOR = YES;
				GCC_WARN_UNINITIALIZED_AUTOS = YES_AGGRESSIVE;
				GCC_WARN_UNUSED_FUNCTION = YES;
				INFOPLIST_FILE = KPlayerResources/Info.plist;
				INSTALL_PATH = "$(LOCAL_LIBRARY_DIR)/Bundles";
				MACOSX_DEPLOYMENT_TARGET = 10.10;
				MTL_ENABLE_DEBUG_INFO = YES;
				PRODUCT_NAME = KALTURAPlayerSDK;
				SDKROOT = iphoneos;
				SKIP_INSTALL = YES;
				WRAPPER_EXTENSION = bundle;
			};
			name = Debug;
		};
		B37289331A8787D00076DD33 /* Release */ = {
			isa = XCBuildConfiguration;
			buildSettings = {
				ALWAYS_SEARCH_USER_PATHS = NO;
				CLANG_CXX_LANGUAGE_STANDARD = "gnu++0x";
				CLANG_CXX_LIBRARY = "libc++";
				CLANG_ENABLE_MODULES = YES;
				CLANG_WARN_BOOL_CONVERSION = YES;
				CLANG_WARN_CONSTANT_CONVERSION = YES;
				CLANG_WARN_DIRECT_OBJC_ISA_USAGE = YES_ERROR;
				CLANG_WARN_ENUM_CONVERSION = YES;
				CLANG_WARN_INT_CONVERSION = YES;
				CLANG_WARN_OBJC_ROOT_CLASS = YES_ERROR;
				CLANG_WARN_UNREACHABLE_CODE = YES;
				CLANG_WARN__DUPLICATE_METHOD_MATCH = YES;
				COMBINE_HIDPI_IMAGES = NO;
				DEBUG_INFORMATION_FORMAT = "dwarf-with-dsym";
				ENABLE_NS_ASSERTIONS = NO;
				ENABLE_STRICT_OBJC_MSGSEND = YES;
				GCC_C_LANGUAGE_STANDARD = gnu99;
				GCC_WARN_64_TO_32_BIT_CONVERSION = YES;
				GCC_WARN_ABOUT_RETURN_TYPE = YES_ERROR;
				GCC_WARN_UNDECLARED_SELECTOR = YES;
				GCC_WARN_UNINITIALIZED_AUTOS = YES_AGGRESSIVE;
				GCC_WARN_UNUSED_FUNCTION = YES;
				INFOPLIST_FILE = KPlayerResources/Info.plist;
				INSTALL_PATH = "$(LOCAL_LIBRARY_DIR)/Bundles";
				MACOSX_DEPLOYMENT_TARGET = 10.10;
				MTL_ENABLE_DEBUG_INFO = NO;
				PRODUCT_NAME = KALTURAPlayerSDK;
				SDKROOT = iphoneos;
				SKIP_INSTALL = YES;
				WRAPPER_EXTENSION = bundle;
			};
			name = Release;
		};
		BFFFA74A182F9E31005B3B24 /* Debug */ = {
			isa = XCBuildConfiguration;
			buildSettings = {
				ALWAYS_SEARCH_USER_PATHS = YES;
				CLANG_CXX_LANGUAGE_STANDARD = "compiler-default";
				CLANG_CXX_LIBRARY = "compiler-default";
				CLANG_ENABLE_OBJC_ARC = YES;
				CLANG_WARN_CONSTANT_CONVERSION = NO;
				CLANG_WARN_EMPTY_BODY = YES;
				CLANG_WARN_ENUM_CONVERSION = NO;
				CLANG_WARN_INT_CONVERSION = NO;
				CLANG_WARN__DUPLICATE_METHOD_MATCH = NO;
				COPY_PHASE_STRIP = YES;
				FRAMEWORK_SEARCH_PATHS = "";
				GCC_C_LANGUAGE_STANDARD = c99;
				GCC_DYNAMIC_NO_PIC = NO;
				GCC_OPTIMIZATION_LEVEL = 0;
				GCC_PREPROCESSOR_DEFINITIONS = (
					"DEBUG=1",
					"$(inherited)",
				);
				GCC_SYMBOLS_PRIVATE_EXTERN = NO;
				GCC_WARN_ABOUT_RETURN_TYPE = YES;
				GCC_WARN_UNINITIALIZED_AUTOS = YES;
				GCC_WARN_UNUSED_VARIABLE = YES;
				HEADER_SEARCH_PATHS = (
					"$(inherited)",
					/Applications/Xcode.app/Contents/Developer/Toolchains/XcodeDefault.xctoolchain/usr/include,
					"\"$(SRCROOT)/WViPhoneAPI.h\"",
				);
				IPHONEOS_DEPLOYMENT_TARGET = 6.0;
				LIBRARY_SEARCH_PATHS = (
					"\"$(SRCROOT)/libWViPhoneAPI.a\"",
					"\"$(SRCROOT)/libGoogleIMA3.a\"",
				);
				ONLY_ACTIVE_ARCH = NO;
				SDKROOT = iphoneos;
				TARGETED_DEVICE_FAMILY = "1,2";
				VALIDATE_PRODUCT = NO;
				VALID_ARCHS = "arm64 armv7";
			};
			name = Debug;
		};
		BFFFA74B182F9E31005B3B24 /* Release */ = {
			isa = XCBuildConfiguration;
			buildSettings = {
				ALWAYS_SEARCH_USER_PATHS = YES;
				CLANG_CXX_LANGUAGE_STANDARD = "compiler-default";
				CLANG_CXX_LIBRARY = "compiler-default";
				CLANG_ENABLE_OBJC_ARC = YES;
				CLANG_WARN_CONSTANT_CONVERSION = NO;
				CLANG_WARN_EMPTY_BODY = YES;
				CLANG_WARN_ENUM_CONVERSION = NO;
				CLANG_WARN_INT_CONVERSION = NO;
				CLANG_WARN__DUPLICATE_METHOD_MATCH = NO;
				COPY_PHASE_STRIP = YES;
				FRAMEWORK_SEARCH_PATHS = "";
				GCC_C_LANGUAGE_STANDARD = c99;
				GCC_WARN_ABOUT_RETURN_TYPE = YES;
				GCC_WARN_UNINITIALIZED_AUTOS = YES;
				GCC_WARN_UNUSED_VARIABLE = YES;
				HEADER_SEARCH_PATHS = (
					"$(inherited)",
					/Applications/Xcode.app/Contents/Developer/Toolchains/XcodeDefault.xctoolchain/usr/include,
					"\"$(SRCROOT)/WViPhoneAPI.h\"",
				);
				IPHONEOS_DEPLOYMENT_TARGET = 6.0;
				"IPHONEOS_DEPLOYMENT_TARGET[sdk=iphoneos*]" = 5.1.1;
				LIBRARY_SEARCH_PATHS = (
					"\"$(SRCROOT)/libWViPhoneAPI.a\"",
					"\"$(SRCROOT)/libGoogleIMA3.a\"",
				);
				ONLY_ACTIVE_ARCH = NO;
				OTHER_CFLAGS = "-DNS_BLOCK_ASSERTIONS=1";
				SDKROOT = iphoneos;
				TARGETED_DEVICE_FAMILY = "1,2";
				VALIDATE_PRODUCT = NO;
				VALID_ARCHS = "arm64 armv7";
			};
			name = Release;
		};
		BFFFA74D182F9E31005B3B24 /* Debug */ = {
			isa = XCBuildConfiguration;
			buildSettings = {
				CLANG_CXX_LANGUAGE_STANDARD = "compiler-default";
				CLANG_CXX_LIBRARY = "compiler-default";
				DSTROOT = /tmp/PlayerSDK.dst;
				FRAMEWORK_SEARCH_PATHS = (
					"$(inherited)",
					"$(SRCROOT)/",
				);
				GCC_C_LANGUAGE_STANDARD = c99;
				GCC_PRECOMPILE_PREFIX_HEADER = YES;
				GCC_PREFIX_HEADER = "PlayerSDK/PlayerSDK-Prefix.pch";
				HEADER_SEARCH_PATHS = (
					"$(inherited)",
					/Applications/Xcode.app/Contents/Developer/Toolchains/XcodeDefault.xctoolchain/usr/include,
				);
				LIBRARY_SEARCH_PATHS = (
					"$(inherited)",
					"$(PROJECT_DIR)",
				);
				ONLY_ACTIVE_ARCH = NO;
				OTHER_CPLUSPLUSFLAGS = "$(OTHER_CFLAGS)";
				OTHER_LDFLAGS = (
					"-ObjC",
					"-all_load",
				);
				PRODUCT_NAME = KALTURAPlayerSDK;
				SKIP_INSTALL = YES;
			};
			name = Debug;
		};
		BFFFA74E182F9E31005B3B24 /* Release */ = {
			isa = XCBuildConfiguration;
			buildSettings = {
				CLANG_CXX_LANGUAGE_STANDARD = "compiler-default";
				CLANG_CXX_LIBRARY = "compiler-default";
				DSTROOT = /tmp/PlayerSDK.dst;
				FRAMEWORK_SEARCH_PATHS = (
					"$(inherited)",
					"$(SRCROOT)/",
				);
				GCC_C_LANGUAGE_STANDARD = c99;
				GCC_PRECOMPILE_PREFIX_HEADER = YES;
				GCC_PREFIX_HEADER = "PlayerSDK/PlayerSDK-Prefix.pch";
				HEADER_SEARCH_PATHS = (
					"$(inherited)",
					/Applications/Xcode.app/Contents/Developer/Toolchains/XcodeDefault.xctoolchain/usr/include,
				);
				"IPHONEOS_DEPLOYMENT_TARGET[sdk=iphoneos*]" = 5.1.1;
				LIBRARY_SEARCH_PATHS = (
					"$(inherited)",
					"$(PROJECT_DIR)",
				);
				ONLY_ACTIVE_ARCH = NO;
				OTHER_LDFLAGS = (
					"-ObjC",
					"-all_load",
				);
				PRODUCT_NAME = KALTURAPlayerSDK;
				SKIP_INSTALL = YES;
			};
			name = Release;
		};
/* End XCBuildConfiguration section */

/* Begin XCConfigurationList section */
		B37289341A8787D00076DD33 /* Build configuration list for PBXNativeTarget "KPlayerResources" */ = {
			isa = XCConfigurationList;
			buildConfigurations = (
				B37289321A8787D00076DD33 /* Debug */,
				B37289331A8787D00076DD33 /* Release */,
			);
			defaultConfigurationIsVisible = 0;
			defaultConfigurationName = Release;
		};
		BFFFA722182F9E31005B3B24 /* Build configuration list for PBXProject "KALTURAPlayerSDK" */ = {
			isa = XCConfigurationList;
			buildConfigurations = (
				BFFFA74A182F9E31005B3B24 /* Debug */,
				BFFFA74B182F9E31005B3B24 /* Release */,
			);
			defaultConfigurationIsVisible = 0;
			defaultConfigurationName = Release;
		};
		BFFFA74C182F9E31005B3B24 /* Build configuration list for PBXNativeTarget "KALTURAPlayerSDK" */ = {
			isa = XCConfigurationList;
			buildConfigurations = (
				BFFFA74D182F9E31005B3B24 /* Debug */,
				BFFFA74E182F9E31005B3B24 /* Release */,
			);
			defaultConfigurationIsVisible = 0;
			defaultConfigurationName = Release;
		};
/* End XCConfigurationList section */
	};
	rootObject = BFFFA71F182F9E31005B3B24 /* Project object */;
}
