// !$*UTF8*$!
{
	archiveVersion = 1;
	classes = {
	};
	objectVersion = 46;
	objects = {

/* Begin PBXAggregateTarget section */
		B3166DD01AF26C4700E99B77 /* Framework */ = {
			isa = PBXAggregateTarget;
			buildConfigurationList = B3166DD11AF26C4700E99B77 /* Build configuration list for PBXAggregateTarget "Framework" */;
			buildPhases = (
				B3166DD41AF26C4D00E99B77 /* MultiPlatform Build */,
			);
			dependencies = (
				B30D92821AF38A1500CCCC30 /* PBXTargetDependency */,
				B3166DD61AF26C5300E99B77 /* PBXTargetDependency */,
			);
			name = Framework;
			productName = Framework;
		};
/* End PBXAggregateTarget section */

/* Begin PBXBuildFile section */
		B30BADEA1A21ED06008E5E67 /* NSDictionary+Strategy.m in Sources */ = {isa = PBXBuildFile; fileRef = B30BADE91A21ED06008E5E67 /* NSDictionary+Strategy.m */; };
		B329CD0A1AB19AC6004AB647 /* KPlayer.m in Sources */ = {isa = PBXBuildFile; fileRef = B329CD091AB19AC6004AB647 /* KPlayer.m */; };
		B32A5CDC1A2492C10051DC7F /* FacebookStrategy.h in CopyFiles */ = {isa = PBXBuildFile; fileRef = B39BEC791A0A728A0085BA26 /* FacebookStrategy.h */; };
		B32A5CDD1A2492C10051DC7F /* TwitterStrategy.h in CopyFiles */ = {isa = PBXBuildFile; fileRef = B39BEC811A0A80C00085BA26 /* TwitterStrategy.h */; };
		B32A5CDE1A2492C10051DC7F /* GoogleplusStrategy.h in CopyFiles */ = {isa = PBXBuildFile; fileRef = B380C2801A1B7E3800BF172F /* GoogleplusStrategy.h */; };
		B32A5CDF1A2492C10051DC7F /* EmailStrategy.h in CopyFiles */ = {isa = PBXBuildFile; fileRef = B39BEC8A1A0B6EC40085BA26 /* EmailStrategy.h */; };
		B32A5CE01A2492C10051DC7F /* SmsStrategy.h in CopyFiles */ = {isa = PBXBuildFile; fileRef = B39BEC8D1A0B72760085BA26 /* SmsStrategy.h */; };
		B32A5CE11A2492C10051DC7F /* KPShareManager.h in CopyFiles */ = {isa = PBXBuildFile; fileRef = B3932ACF1A0A0DA000AC0442 /* KPShareManager.h */; };
		B32A5CE21A2492C10051DC7F /* NSDictionary+Strategy.h in CopyFiles */ = {isa = PBXBuildFile; fileRef = B30BADE81A21ED06008E5E67 /* NSDictionary+Strategy.h */; };
		B32A5CE71A25D4C00051DC7F /* KPBrowserViewController.h in CopyFiles */ = {isa = PBXBuildFile; fileRef = B39BEC981A0BCB280085BA26 /* KPBrowserViewController.h */; };
		B32A5CEE1A2723730051DC7F /* KPWebKitBrowserViewController.m in Sources */ = {isa = PBXBuildFile; fileRef = B32A5CED1A2723730051DC7F /* KPWebKitBrowserViewController.m */; };
		B3410D481A6C12E300275F00 /* libWViPhoneAPI.a in Frameworks */ = {isa = PBXBuildFile; fileRef = BFC574A41997C296000511B8 /* libWViPhoneAPI.a */; };
		B3410D4D1A6D45E000275F00 /* NSMutableDictionary+AdSupport.m in Sources */ = {isa = PBXBuildFile; fileRef = B3410D4C1A6D45E000275F00 /* NSMutableDictionary+AdSupport.m */; };
		B34454271A46BE2700AB20DE /* KPLogManager.h in CopyFiles */ = {isa = PBXBuildFile; fileRef = B35B85761A43258200DCDBF7 /* KPLogManager.h */; };
		B34454281A46BE2700AB20DE /* KPLog.h in CopyFiles */ = {isa = PBXBuildFile; fileRef = B35B85751A43258200DCDBF7 /* KPLog.h */; };
		B34454291A46BE2700AB20DE /* KPWebKitBrowserViewController.h in CopyFiles */ = {isa = PBXBuildFile; fileRef = B32A5CEC1A2723730051DC7F /* KPWebKitBrowserViewController.h */; };
		B34C89391ADA65AA007C6A5D /* KPControlsView.m in Sources */ = {isa = PBXBuildFile; fileRef = B34C89381ADA65AA007C6A5D /* KPControlsView.m */; };
		B34C893C1ADA6847007C6A5D /* KPControlsUIWebview.m in Sources */ = {isa = PBXBuildFile; fileRef = B34C893B1ADA6847007C6A5D /* KPControlsUIWebview.m */; };
		B34C893F1ADA705F007C6A5D /* KPControlsWKWebview.m in Sources */ = {isa = PBXBuildFile; fileRef = B34C893E1ADA705F007C6A5D /* KPControlsWKWebview.m */; };
		B3553D1F1BCD2F4F005179F3 /* KDRMManager.m in Sources */ = {isa = PBXBuildFile; fileRef = B3553D1E1BCD2F4F005179F3 /* KDRMManager.m */; settings = {ASSET_TAGS = (); }; };
		B35B85771A43258200DCDBF7 /* KPLogManager.m in Sources */ = {isa = PBXBuildFile; fileRef = B35B85731A43258200DCDBF7 /* KPLogManager.m */; };
		B35B85781A43258200DCDBF7 /* KPLog.m in Sources */ = {isa = PBXBuildFile; fileRef = B35B85741A43258200DCDBF7 /* KPLog.m */; };
		B36674381A90914A00C3A4A7 /* player-sdk-native-ios.podspec in Resources */ = {isa = PBXBuildFile; fileRef = B36674371A90914A00C3A4A7 /* player-sdk-native-ios.podspec */; };
		B372889F1A84FD790076DD33 /* KPIMAPlayerViewController.h in CopyFiles */ = {isa = PBXBuildFile; fileRef = B3E58C421A76714700603B10 /* KPIMAPlayerViewController.h */; };
		B37289371A8789260076DD33 /* KPBrowserViewController.xib in Resources */ = {isa = PBXBuildFile; fileRef = B33E5DAB1A1CEA2000A14A1B /* KPBrowserViewController.xib */; };
		B37289381A8789300076DD33 /* KPWebKitBrowserViewController.xib in Resources */ = {isa = PBXBuildFile; fileRef = B32A5CEF1A27308C0051DC7F /* KPWebKitBrowserViewController.xib */; };
		B37FAA781A405AE0003FBA78 /* DeviceParamsHandler.h in CopyFiles */ = {isa = PBXBuildFile; fileRef = B3F0F7001A3726CA00615DC4 /* DeviceParamsHandler.h */; };
		B380C2821A1B7E3800BF172F /* GoogleplusStrategy.m in Sources */ = {isa = PBXBuildFile; fileRef = B380C2811A1B7E3800BF172F /* GoogleplusStrategy.m */; };
		B3932AD11A0A0DA000AC0442 /* KPShareManager.m in Sources */ = {isa = PBXBuildFile; fileRef = B3932AD01A0A0DA000AC0442 /* KPShareManager.m */; };
		B39BEC7B1A0A728A0085BA26 /* FacebookStrategy.m in Sources */ = {isa = PBXBuildFile; fileRef = B39BEC7A1A0A728A0085BA26 /* FacebookStrategy.m */; };
		B39BEC831A0A80C00085BA26 /* TwitterStrategy.m in Sources */ = {isa = PBXBuildFile; fileRef = B39BEC821A0A80C00085BA26 /* TwitterStrategy.m */; };
		B39BEC8C1A0B6EC40085BA26 /* EmailStrategy.m in Sources */ = {isa = PBXBuildFile; fileRef = B39BEC8B1A0B6EC40085BA26 /* EmailStrategy.m */; };
		B39BEC8F1A0B72760085BA26 /* SmsStrategy.m in Sources */ = {isa = PBXBuildFile; fileRef = B39BEC8E1A0B72760085BA26 /* SmsStrategy.m */; };
		B39BEC9A1A0BCB280085BA26 /* KPBrowserViewController.m in Sources */ = {isa = PBXBuildFile; fileRef = B39BEC991A0BCB280085BA26 /* KPBrowserViewController.m */; };
		B3A701C71A962296007D48DA /* linkedinStrategy.m in Sources */ = {isa = PBXBuildFile; fileRef = B3A701C61A962296007D48DA /* linkedinStrategy.m */; };
		B3E58C441A76714700603B10 /* KPIMAPlayerViewController.m in Sources */ = {isa = PBXBuildFile; fileRef = B3E58C431A76714700603B10 /* KPIMAPlayerViewController.m */; };
		B3F0F7021A3726CA00615DC4 /* DeviceParamsHandler.m in Sources */ = {isa = PBXBuildFile; fileRef = B3F0F7011A3726CA00615DC4 /* DeviceParamsHandler.m */; };
		B3F968EC1B874785004065CE /* KPlayerFactory.m in Sources */ = {isa = PBXBuildFile; fileRef = B3F968EB1B874785004065CE /* KPlayerFactory.m */; };
		B3F968F41B8747DA004065CE /* KPPlayerConfig.m in Sources */ = {isa = PBXBuildFile; fileRef = B3F968F11B8747DA004065CE /* KPPlayerConfig.m */; };
		B3F968F51B8747DA004065CE /* KPViewController.m in Sources */ = {isa = PBXBuildFile; fileRef = B3F968F31B8747DA004065CE /* KPViewController.m */; };
		B3F968F81B87480C004065CE /* KPController.m in Sources */ = {isa = PBXBuildFile; fileRef = B3F968F71B87480C004065CE /* KPController.m */; };
		B3F969021B8748B0004065CE /* KPURLProtocol.m in Sources */ = {isa = PBXBuildFile; fileRef = B3F968FC1B8748B0004065CE /* KPURLProtocol.m */; };
		B3F969051B8748B0004065CE /* CachedStrings.plist in Resources */ = {isa = PBXBuildFile; fileRef = B3F969001B8748B0004065CE /* CachedStrings.plist */; };
		B3F969081B8748FF004065CE /* NSString+Utilities.m in Sources */ = {isa = PBXBuildFile; fileRef = B3F969071B8748FF004065CE /* NSString+Utilities.m */; };
		B3F969311B875766004065CE /* KPViewController.h in CopyFiles */ = {isa = PBXBuildFile; fileRef = B3F968F21B8747DA004065CE /* KPViewController.h */; };
		B3F969321B87579B004065CE /* KPViewControllerProtocols.h in CopyFiles */ = {isa = PBXBuildFile; fileRef = B3F969091B874940004065CE /* KPViewControllerProtocols.h */; };
		B3F969331B8757D9004065CE /* KPPlayerConfig.h in CopyFiles */ = {isa = PBXBuildFile; fileRef = B3F968F01B8747DA004065CE /* KPPlayerConfig.h */; };
		B3F969341B8757ED004065CE /* KPController.h in CopyFiles */ = {isa = PBXBuildFile; fileRef = B3F968F61B87480C004065CE /* KPController.h */; };
		B3F969351B8757FD004065CE /* KPMediaPlayback.h in CopyFiles */ = {isa = PBXBuildFile; fileRef = B3F968EF1B874794004065CE /* KPMediaPlayback.h */; };
		B3F969361B87580F004065CE /* KMediaPlayerDefines.h in CopyFiles */ = {isa = PBXBuildFile; fileRef = B3F968EE1B874794004065CE /* KMediaPlayerDefines.h */; };
		B3F969531B89EB51004065CE /* KCacheManager.m in Sources */ = {isa = PBXBuildFile; fileRef = B3F969521B89EB51004065CE /* KCacheManager.m */; };
		B3F969561B89F7C3004065CE /* NSMutableDictionary+Cache.m in Sources */ = {isa = PBXBuildFile; fileRef = B3F969551B89F7C3004065CE /* NSMutableDictionary+Cache.m */; };
		B3F969591B89F84C004065CE /* NSDictionary+Cache.m in Sources */ = {isa = PBXBuildFile; fileRef = B3F969581B89F84C004065CE /* NSDictionary+Cache.m */; };
		BFE3437C19A4A98200BBD1FD /* ChromecastDeviceController.m in Sources */ = {isa = PBXBuildFile; fileRef = BFE3429B199BE78900C63F74 /* ChromecastDeviceController.m */; };
		BFEE53B81BBBEB2900B14DC5 /* KCCPlayer.m in Sources */ = {isa = PBXBuildFile; fileRef = BFEE53B41BBBEB2900B14DC5 /* KCCPlayer.m */; };
		BFEE53B91BBBEB2900B14DC5 /* KPChromecast.m in Sources */ = {isa = PBXBuildFile; fileRef = BFEE53B61BBBEB2900B14DC5 /* KPChromecast.m */; };
		BFEE53BE1BBBF0E900B14DC5 /* ChromecastDeviceController.h in CopyFiles */ = {isa = PBXBuildFile; fileRef = BFE3429A199BE78900C63F74 /* ChromecastDeviceController.h */; };
/* End PBXBuildFile section */

/* Begin PBXContainerItemProxy section */
		B30D92811AF38A1500CCCC30 /* PBXContainerItemProxy */ = {
			isa = PBXContainerItemProxy;
			containerPortal = BFFFA71F182F9E31005B3B24 /* Project object */;
			proxyType = 1;
			remoteGlobalIDString = B372892D1A8787D00076DD33;
			remoteInfo = KALTURAPlayerSDKResources;
		};
		B30D92831AF38B1E00CCCC30 /* PBXContainerItemProxy */ = {
			isa = PBXContainerItemProxy;
			containerPortal = BFFFA71F182F9E31005B3B24 /* Project object */;
			proxyType = 1;
			remoteGlobalIDString = B372892D1A8787D00076DD33;
			remoteInfo = KALTURAPlayerSDKResources;
		};
		B3166DD51AF26C5300E99B77 /* PBXContainerItemProxy */ = {
			isa = PBXContainerItemProxy;
			containerPortal = BFFFA71F182F9E31005B3B24 /* Project object */;
			proxyType = 1;
			remoteGlobalIDString = BFFFA726182F9E31005B3B24;
			remoteInfo = KALTURAPlayerSDK;
		};
/* End PBXContainerItemProxy section */

/* Begin PBXCopyFilesBuildPhase section */
		BFFFA725182F9E31005B3B24 /* CopyFiles */ = {
			isa = PBXCopyFilesBuildPhase;
			buildActionMask = 12;
			dstPath = "include/${PRODUCT_NAME}";
			dstSubfolderSpec = 16;
			files = (
				BFEE53BE1BBBF0E900B14DC5 /* ChromecastDeviceController.h in CopyFiles */,
				B3F969361B87580F004065CE /* KMediaPlayerDefines.h in CopyFiles */,
				B3F969351B8757FD004065CE /* KPMediaPlayback.h in CopyFiles */,
				B3F969341B8757ED004065CE /* KPController.h in CopyFiles */,
				B3F969331B8757D9004065CE /* KPPlayerConfig.h in CopyFiles */,
				B3F969321B87579B004065CE /* KPViewControllerProtocols.h in CopyFiles */,
				B3F969311B875766004065CE /* KPViewController.h in CopyFiles */,
				B372889F1A84FD790076DD33 /* KPIMAPlayerViewController.h in CopyFiles */,
				B34454271A46BE2700AB20DE /* KPLogManager.h in CopyFiles */,
				B34454281A46BE2700AB20DE /* KPLog.h in CopyFiles */,
				B34454291A46BE2700AB20DE /* KPWebKitBrowserViewController.h in CopyFiles */,
				B37FAA781A405AE0003FBA78 /* DeviceParamsHandler.h in CopyFiles */,
				B32A5CE71A25D4C00051DC7F /* KPBrowserViewController.h in CopyFiles */,
				B32A5CDC1A2492C10051DC7F /* FacebookStrategy.h in CopyFiles */,
				B32A5CDD1A2492C10051DC7F /* TwitterStrategy.h in CopyFiles */,
				B32A5CDE1A2492C10051DC7F /* GoogleplusStrategy.h in CopyFiles */,
				B32A5CDF1A2492C10051DC7F /* EmailStrategy.h in CopyFiles */,
				B32A5CE01A2492C10051DC7F /* SmsStrategy.h in CopyFiles */,
				B32A5CE11A2492C10051DC7F /* KPShareManager.h in CopyFiles */,
				B32A5CE21A2492C10051DC7F /* NSDictionary+Strategy.h in CopyFiles */,
			);
			runOnlyForDeploymentPostprocessing = 0;
		};
/* End PBXCopyFilesBuildPhase section */

/* Begin PBXFileReference section */
		B30BADE81A21ED06008E5E67 /* NSDictionary+Strategy.h */ = {isa = PBXFileReference; fileEncoding = 4; lastKnownFileType = sourcecode.c.h; path = "NSDictionary+Strategy.h"; sourceTree = "<group>"; };
		B30BADE91A21ED06008E5E67 /* NSDictionary+Strategy.m */ = {isa = PBXFileReference; fileEncoding = 4; lastKnownFileType = sourcecode.c.objc; path = "NSDictionary+Strategy.m"; sourceTree = "<group>"; };
		B329CD081AB19AC6004AB647 /* KPlayer.h */ = {isa = PBXFileReference; fileEncoding = 4; lastKnownFileType = sourcecode.c.h; path = KPlayer.h; sourceTree = "<group>"; };
		B329CD091AB19AC6004AB647 /* KPlayer.m */ = {isa = PBXFileReference; fileEncoding = 4; lastKnownFileType = sourcecode.c.objc; path = KPlayer.m; sourceTree = "<group>"; };
		B32A5CEC1A2723730051DC7F /* KPWebKitBrowserViewController.h */ = {isa = PBXFileReference; fileEncoding = 4; lastKnownFileType = sourcecode.c.h; path = KPWebKitBrowserViewController.h; sourceTree = "<group>"; };
		B32A5CED1A2723730051DC7F /* KPWebKitBrowserViewController.m */ = {isa = PBXFileReference; fileEncoding = 4; lastKnownFileType = sourcecode.c.objc; path = KPWebKitBrowserViewController.m; sourceTree = "<group>"; };
		B32A5CEF1A27308C0051DC7F /* KPWebKitBrowserViewController.xib */ = {isa = PBXFileReference; fileEncoding = 4; lastKnownFileType = file.xib; path = KPWebKitBrowserViewController.xib; sourceTree = "<group>"; };
		B33E5DAB1A1CEA2000A14A1B /* KPBrowserViewController.xib */ = {isa = PBXFileReference; fileEncoding = 4; lastKnownFileType = file.xib; path = KPBrowserViewController.xib; sourceTree = "<group>"; };
		B3410D4B1A6D45E000275F00 /* NSMutableDictionary+AdSupport.h */ = {isa = PBXFileReference; fileEncoding = 4; lastKnownFileType = sourcecode.c.h; path = "NSMutableDictionary+AdSupport.h"; sourceTree = "<group>"; };
		B3410D4C1A6D45E000275F00 /* NSMutableDictionary+AdSupport.m */ = {isa = PBXFileReference; fileEncoding = 4; lastKnownFileType = sourcecode.c.objc; path = "NSMutableDictionary+AdSupport.m"; sourceTree = "<group>"; };
		B34C89371ADA65AA007C6A5D /* KPControlsView.h */ = {isa = PBXFileReference; fileEncoding = 4; lastKnownFileType = sourcecode.c.h; path = KPControlsView.h; sourceTree = "<group>"; };
		B34C89381ADA65AA007C6A5D /* KPControlsView.m */ = {isa = PBXFileReference; fileEncoding = 4; lastKnownFileType = sourcecode.c.objc; path = KPControlsView.m; sourceTree = "<group>"; };
		B34C893A1ADA6847007C6A5D /* KPControlsUIWebview.h */ = {isa = PBXFileReference; fileEncoding = 4; lastKnownFileType = sourcecode.c.h; path = KPControlsUIWebview.h; sourceTree = "<group>"; };
		B34C893B1ADA6847007C6A5D /* KPControlsUIWebview.m */ = {isa = PBXFileReference; fileEncoding = 4; lastKnownFileType = sourcecode.c.objc; path = KPControlsUIWebview.m; sourceTree = "<group>"; };
		B34C893D1ADA705F007C6A5D /* KPControlsWKWebview.h */ = {isa = PBXFileReference; fileEncoding = 4; lastKnownFileType = sourcecode.c.h; path = KPControlsWKWebview.h; sourceTree = "<group>"; };
		B34C893E1ADA705F007C6A5D /* KPControlsWKWebview.m */ = {isa = PBXFileReference; fileEncoding = 4; lastKnownFileType = sourcecode.c.objc; path = KPControlsWKWebview.m; sourceTree = "<group>"; };
		B3553D1D1BCD2F4F005179F3 /* KDRMManager.h */ = {isa = PBXFileReference; fileEncoding = 4; lastKnownFileType = sourcecode.c.h; path = KDRMManager.h; sourceTree = "<group>"; };
		B3553D1E1BCD2F4F005179F3 /* KDRMManager.m */ = {isa = PBXFileReference; fileEncoding = 4; lastKnownFileType = sourcecode.c.objc; path = KDRMManager.m; sourceTree = "<group>"; };
		B35B85731A43258200DCDBF7 /* KPLogManager.m */ = {isa = PBXFileReference; fileEncoding = 4; lastKnownFileType = sourcecode.c.objc; path = KPLogManager.m; sourceTree = "<group>"; };
		B35B85741A43258200DCDBF7 /* KPLog.m */ = {isa = PBXFileReference; fileEncoding = 4; lastKnownFileType = sourcecode.c.objc; path = KPLog.m; sourceTree = "<group>"; };
		B35B85751A43258200DCDBF7 /* KPLog.h */ = {isa = PBXFileReference; fileEncoding = 4; lastKnownFileType = sourcecode.c.h; path = KPLog.h; sourceTree = "<group>"; };
		B35B85761A43258200DCDBF7 /* KPLogManager.h */ = {isa = PBXFileReference; fileEncoding = 4; lastKnownFileType = sourcecode.c.h; path = KPLogManager.h; sourceTree = "<group>"; };
		B36674371A90914A00C3A4A7 /* player-sdk-native-ios.podspec */ = {isa = PBXFileReference; fileEncoding = 4; lastKnownFileType = text; name = "player-sdk-native-ios.podspec"; path = "../player-sdk-native-ios.podspec"; sourceTree = "<group>"; };
		B372892E1A8787D00076DD33 /* KALTURAPlayerSDKResources.bundle */ = {isa = PBXFileReference; explicitFileType = wrapper.cfbundle; includeInIndex = 0; path = KALTURAPlayerSDKResources.bundle; sourceTree = BUILT_PRODUCTS_DIR; };
		B37289311A8787D00076DD33 /* Info.plist */ = {isa = PBXFileReference; lastKnownFileType = text.plist.xml; path = Info.plist; sourceTree = "<group>"; };
		B380C2801A1B7E3800BF172F /* GoogleplusStrategy.h */ = {isa = PBXFileReference; fileEncoding = 4; lastKnownFileType = sourcecode.c.h; path = GoogleplusStrategy.h; sourceTree = "<group>"; };
		B380C2811A1B7E3800BF172F /* GoogleplusStrategy.m */ = {isa = PBXFileReference; fileEncoding = 4; lastKnownFileType = sourcecode.c.objc; path = GoogleplusStrategy.m; sourceTree = "<group>"; };
		B38DBB6D1B85ECBF003B7753 /* IMAHandler.h */ = {isa = PBXFileReference; fileEncoding = 4; lastKnownFileType = sourcecode.c.h; path = IMAHandler.h; sourceTree = "<group>"; };
		B3932ACF1A0A0DA000AC0442 /* KPShareManager.h */ = {isa = PBXFileReference; fileEncoding = 4; lastKnownFileType = sourcecode.c.h; path = KPShareManager.h; sourceTree = "<group>"; };
		B3932AD01A0A0DA000AC0442 /* KPShareManager.m */ = {isa = PBXFileReference; fileEncoding = 4; lastKnownFileType = sourcecode.c.objc; path = KPShareManager.m; sourceTree = "<group>"; };
		B39BEC791A0A728A0085BA26 /* FacebookStrategy.h */ = {isa = PBXFileReference; fileEncoding = 4; lastKnownFileType = sourcecode.c.h; path = FacebookStrategy.h; sourceTree = "<group>"; };
		B39BEC7A1A0A728A0085BA26 /* FacebookStrategy.m */ = {isa = PBXFileReference; fileEncoding = 4; lastKnownFileType = sourcecode.c.objc; path = FacebookStrategy.m; sourceTree = "<group>"; };
		B39BEC811A0A80C00085BA26 /* TwitterStrategy.h */ = {isa = PBXFileReference; fileEncoding = 4; lastKnownFileType = sourcecode.c.h; path = TwitterStrategy.h; sourceTree = "<group>"; };
		B39BEC821A0A80C00085BA26 /* TwitterStrategy.m */ = {isa = PBXFileReference; fileEncoding = 4; lastKnownFileType = sourcecode.c.objc; path = TwitterStrategy.m; sourceTree = "<group>"; };
		B39BEC8A1A0B6EC40085BA26 /* EmailStrategy.h */ = {isa = PBXFileReference; fileEncoding = 4; lastKnownFileType = sourcecode.c.h; path = EmailStrategy.h; sourceTree = "<group>"; };
		B39BEC8B1A0B6EC40085BA26 /* EmailStrategy.m */ = {isa = PBXFileReference; fileEncoding = 4; lastKnownFileType = sourcecode.c.objc; path = EmailStrategy.m; sourceTree = "<group>"; };
		B39BEC8D1A0B72760085BA26 /* SmsStrategy.h */ = {isa = PBXFileReference; fileEncoding = 4; lastKnownFileType = sourcecode.c.h; path = SmsStrategy.h; sourceTree = "<group>"; };
		B39BEC8E1A0B72760085BA26 /* SmsStrategy.m */ = {isa = PBXFileReference; fileEncoding = 4; lastKnownFileType = sourcecode.c.objc; path = SmsStrategy.m; sourceTree = "<group>"; };
		B39BEC981A0BCB280085BA26 /* KPBrowserViewController.h */ = {isa = PBXFileReference; fileEncoding = 4; lastKnownFileType = sourcecode.c.h; path = KPBrowserViewController.h; sourceTree = "<group>"; };
		B39BEC991A0BCB280085BA26 /* KPBrowserViewController.m */ = {isa = PBXFileReference; fileEncoding = 4; lastKnownFileType = sourcecode.c.objc; path = KPBrowserViewController.m; sourceTree = "<group>"; };
		B3A701C51A962296007D48DA /* linkedinStrategy.h */ = {isa = PBXFileReference; fileEncoding = 4; lastKnownFileType = sourcecode.c.h; path = linkedinStrategy.h; sourceTree = "<group>"; };
		B3A701C61A962296007D48DA /* linkedinStrategy.m */ = {isa = PBXFileReference; fileEncoding = 4; lastKnownFileType = sourcecode.c.objc; path = linkedinStrategy.m; sourceTree = "<group>"; };
		B3E58C421A76714700603B10 /* KPIMAPlayerViewController.h */ = {isa = PBXFileReference; fileEncoding = 4; lastKnownFileType = sourcecode.c.h; path = KPIMAPlayerViewController.h; sourceTree = "<group>"; };
		B3E58C431A76714700603B10 /* KPIMAPlayerViewController.m */ = {isa = PBXFileReference; fileEncoding = 4; lastKnownFileType = sourcecode.c.objc; path = KPIMAPlayerViewController.m; sourceTree = "<group>"; };
		B3F0F7001A3726CA00615DC4 /* DeviceParamsHandler.h */ = {isa = PBXFileReference; fileEncoding = 4; lastKnownFileType = sourcecode.c.h; path = DeviceParamsHandler.h; sourceTree = "<group>"; };
		B3F0F7011A3726CA00615DC4 /* DeviceParamsHandler.m */ = {isa = PBXFileReference; fileEncoding = 4; lastKnownFileType = sourcecode.c.objc; path = DeviceParamsHandler.m; sourceTree = "<group>"; };
		B3F968EA1B874785004065CE /* KPlayerFactory.h */ = {isa = PBXFileReference; fileEncoding = 4; lastKnownFileType = sourcecode.c.h; path = KPlayerFactory.h; sourceTree = "<group>"; };
		B3F968EB1B874785004065CE /* KPlayerFactory.m */ = {isa = PBXFileReference; fileEncoding = 4; lastKnownFileType = sourcecode.c.objc; path = KPlayerFactory.m; sourceTree = "<group>"; };
		B3F968ED1B874794004065CE /* KPController_Private.h */ = {isa = PBXFileReference; fileEncoding = 4; lastKnownFileType = sourcecode.c.h; path = KPController_Private.h; sourceTree = "<group>"; };
		B3F968EE1B874794004065CE /* KMediaPlayerDefines.h */ = {isa = PBXFileReference; fileEncoding = 4; lastKnownFileType = sourcecode.c.h; path = KMediaPlayerDefines.h; sourceTree = "<group>"; };
		B3F968EF1B874794004065CE /* KPMediaPlayback.h */ = {isa = PBXFileReference; fileEncoding = 4; lastKnownFileType = sourcecode.c.h; path = KPMediaPlayback.h; sourceTree = "<group>"; };
		B3F968F01B8747DA004065CE /* KPPlayerConfig.h */ = {isa = PBXFileReference; fileEncoding = 4; lastKnownFileType = sourcecode.c.h; path = KPPlayerConfig.h; sourceTree = "<group>"; };
		B3F968F11B8747DA004065CE /* KPPlayerConfig.m */ = {isa = PBXFileReference; fileEncoding = 4; lastKnownFileType = sourcecode.c.objc; path = KPPlayerConfig.m; sourceTree = "<group>"; };
		B3F968F21B8747DA004065CE /* KPViewController.h */ = {isa = PBXFileReference; fileEncoding = 4; lastKnownFileType = sourcecode.c.h; path = KPViewController.h; sourceTree = "<group>"; };
		B3F968F31B8747DA004065CE /* KPViewController.m */ = {isa = PBXFileReference; fileEncoding = 4; lastKnownFileType = sourcecode.c.objc; path = KPViewController.m; sourceTree = "<group>"; };
		B3F968F61B87480C004065CE /* KPController.h */ = {isa = PBXFileReference; fileEncoding = 4; lastKnownFileType = sourcecode.c.h; path = KPController.h; sourceTree = "<group>"; };
		B3F968F71B87480C004065CE /* KPController.m */ = {isa = PBXFileReference; fileEncoding = 4; lastKnownFileType = sourcecode.c.objc; path = KPController.m; sourceTree = "<group>"; };
		B3F968FB1B8748B0004065CE /* KPURLProtocol.h */ = {isa = PBXFileReference; fileEncoding = 4; lastKnownFileType = sourcecode.c.h; path = KPURLProtocol.h; sourceTree = "<group>"; };
		B3F968FC1B8748B0004065CE /* KPURLProtocol.m */ = {isa = PBXFileReference; fileEncoding = 4; lastKnownFileType = sourcecode.c.objc; path = KPURLProtocol.m; sourceTree = "<group>"; };
		B3F969001B8748B0004065CE /* CachedStrings.plist */ = {isa = PBXFileReference; fileEncoding = 4; lastKnownFileType = text.plist.xml; path = CachedStrings.plist; sourceTree = "<group>"; };
		B3F969061B8748FF004065CE /* NSString+Utilities.h */ = {isa = PBXFileReference; fileEncoding = 4; lastKnownFileType = sourcecode.c.h; path = "NSString+Utilities.h"; sourceTree = "<group>"; };
		B3F969071B8748FF004065CE /* NSString+Utilities.m */ = {isa = PBXFileReference; fileEncoding = 4; lastKnownFileType = sourcecode.c.objc; path = "NSString+Utilities.m"; sourceTree = "<group>"; };
		B3F969091B874940004065CE /* KPViewControllerProtocols.h */ = {isa = PBXFileReference; fileEncoding = 4; lastKnownFileType = sourcecode.c.h; path = KPViewControllerProtocols.h; sourceTree = "<group>"; };
		B3F969511B89EB51004065CE /* KCacheManager.h */ = {isa = PBXFileReference; fileEncoding = 4; lastKnownFileType = sourcecode.c.h; path = KCacheManager.h; sourceTree = "<group>"; };
		B3F969521B89EB51004065CE /* KCacheManager.m */ = {isa = PBXFileReference; fileEncoding = 4; lastKnownFileType = sourcecode.c.objc; path = KCacheManager.m; sourceTree = "<group>"; };
		B3F969541B89F7C3004065CE /* NSMutableDictionary+Cache.h */ = {isa = PBXFileReference; fileEncoding = 4; lastKnownFileType = sourcecode.c.h; path = "NSMutableDictionary+Cache.h"; sourceTree = "<group>"; };
		B3F969551B89F7C3004065CE /* NSMutableDictionary+Cache.m */ = {isa = PBXFileReference; fileEncoding = 4; lastKnownFileType = sourcecode.c.objc; path = "NSMutableDictionary+Cache.m"; sourceTree = "<group>"; };
		B3F969571B89F84C004065CE /* NSDictionary+Cache.h */ = {isa = PBXFileReference; fileEncoding = 4; lastKnownFileType = sourcecode.c.h; path = "NSDictionary+Cache.h"; sourceTree = "<group>"; };
		B3F969581B89F84C004065CE /* NSDictionary+Cache.m */ = {isa = PBXFileReference; fileEncoding = 4; lastKnownFileType = sourcecode.c.objc; path = "NSDictionary+Cache.m"; sourceTree = "<group>"; };
		BF927EBF18BCD75A006667CA /* WViPhoneAPI.h */ = {isa = PBXFileReference; fileEncoding = 4; lastKnownFileType = sourcecode.c.h; name = WViPhoneAPI.h; path = ../WViPhoneAPI.h; sourceTree = "<group>"; };
		BFC574A41997C296000511B8 /* libWViPhoneAPI.a */ = {isa = PBXFileReference; lastKnownFileType = archive.ar; path = libWViPhoneAPI.a; sourceTree = SOURCE_ROOT; };
		BFE3429A199BE78900C63F74 /* ChromecastDeviceController.h */ = {isa = PBXFileReference; fileEncoding = 4; lastKnownFileType = sourcecode.c.h; path = ChromecastDeviceController.h; sourceTree = SOURCE_ROOT; };
		BFE3429B199BE78900C63F74 /* ChromecastDeviceController.m */ = {isa = PBXFileReference; fileEncoding = 4; lastKnownFileType = sourcecode.c.objc; path = ChromecastDeviceController.m; sourceTree = SOURCE_ROOT; };
		BFEE53B31BBBEB2900B14DC5 /* KCCPlayer.h */ = {isa = PBXFileReference; fileEncoding = 4; lastKnownFileType = sourcecode.c.h; path = KCCPlayer.h; sourceTree = "<group>"; };
		BFEE53B41BBBEB2900B14DC5 /* KCCPlayer.m */ = {isa = PBXFileReference; fileEncoding = 4; lastKnownFileType = sourcecode.c.objc; path = KCCPlayer.m; sourceTree = "<group>"; };
		BFEE53B51BBBEB2900B14DC5 /* KPChromecast.h */ = {isa = PBXFileReference; fileEncoding = 4; lastKnownFileType = sourcecode.c.h; path = KPChromecast.h; sourceTree = "<group>"; };
		BFEE53B61BBBEB2900B14DC5 /* KPChromecast.m */ = {isa = PBXFileReference; fileEncoding = 4; lastKnownFileType = sourcecode.c.objc; path = KPChromecast.m; sourceTree = "<group>"; };
		BFEE53BC1BBBEBAC00B14DC5 /* KPMediaPlayback.h */ = {isa = PBXFileReference; fileEncoding = 4; lastKnownFileType = sourcecode.c.h; name = KPMediaPlayback.h; path = PlayerSDK/KPMediaPlayback.h; sourceTree = "<group>"; };
		BFFFA727182F9E31005B3B24 /* libKALTURAPlayerSDK.a */ = {isa = PBXFileReference; explicitFileType = archive.ar; includeInIndex = 0; path = libKALTURAPlayerSDK.a; sourceTree = BUILT_PRODUCTS_DIR; };
		BFFFA72E182F9E31005B3B24 /* PlayerSDK-Prefix.pch */ = {isa = PBXFileReference; lastKnownFileType = sourcecode.c.h; path = "PlayerSDK-Prefix.pch"; sourceTree = "<group>"; };
/* End PBXFileReference section */

/* Begin PBXFrameworksBuildPhase section */
		B372892B1A8787D00076DD33 /* Frameworks */ = {
			isa = PBXFrameworksBuildPhase;
			buildActionMask = 2147483647;
			files = (
			);
			runOnlyForDeploymentPostprocessing = 0;
		};
		BFFFA724182F9E31005B3B24 /* Frameworks */ = {
			isa = PBXFrameworksBuildPhase;
			buildActionMask = 2147483647;
			files = (
				B3410D481A6C12E300275F00 /* libWViPhoneAPI.a in Frameworks */,
			);
			runOnlyForDeploymentPostprocessing = 0;
		};
/* End PBXFrameworksBuildPhase section */

/* Begin PBXGroup section */
		B30BADEE1A223142008E5E67 /* ShareStrategies */ = {
			isa = PBXGroup;
			children = (
				B39BEC791A0A728A0085BA26 /* FacebookStrategy.h */,
				B39BEC7A1A0A728A0085BA26 /* FacebookStrategy.m */,
				B39BEC811A0A80C00085BA26 /* TwitterStrategy.h */,
				B39BEC821A0A80C00085BA26 /* TwitterStrategy.m */,
				B380C2801A1B7E3800BF172F /* GoogleplusStrategy.h */,
				B380C2811A1B7E3800BF172F /* GoogleplusStrategy.m */,
				B39BEC8A1A0B6EC40085BA26 /* EmailStrategy.h */,
				B39BEC8B1A0B6EC40085BA26 /* EmailStrategy.m */,
				B39BEC8D1A0B72760085BA26 /* SmsStrategy.h */,
				B39BEC8E1A0B72760085BA26 /* SmsStrategy.m */,
				B3A701C51A962296007D48DA /* linkedinStrategy.h */,
				B3A701C61A962296007D48DA /* linkedinStrategy.m */,
			);
			name = ShareStrategies;
			sourceTree = "<group>";
		};
		B3410D4A1A6D45B200275F00 /* Categories */ = {
			isa = PBXGroup;
			children = (
				B3F969061B8748FF004065CE /* NSString+Utilities.h */,
				B3F969071B8748FF004065CE /* NSString+Utilities.m */,
				B3410D4B1A6D45E000275F00 /* NSMutableDictionary+AdSupport.h */,
				B3410D4C1A6D45E000275F00 /* NSMutableDictionary+AdSupport.m */,
			);
			name = Categories;
			sourceTree = "<group>";
		};
		B372892F1A8787D00076DD33 /* KPlayerResources */ = {
			isa = PBXGroup;
			children = (
				B37289301A8787D00076DD33 /* Supporting Files */,
			);
			path = KPlayerResources;
			sourceTree = "<group>";
		};
		B37289301A8787D00076DD33 /* Supporting Files */ = {
			isa = PBXGroup;
			children = (
				B37289311A8787D00076DD33 /* Info.plist */,
			);
			name = "Supporting Files";
			sourceTree = "<group>";
		};
		B3932AC81A092C4900AC0442 /* ShareViewContrller */ = {
			isa = PBXGroup;
			children = (
				B39BEC981A0BCB280085BA26 /* KPBrowserViewController.h */,
				B39BEC991A0BCB280085BA26 /* KPBrowserViewController.m */,
				B33E5DAB1A1CEA2000A14A1B /* KPBrowserViewController.xib */,
				B32A5CEC1A2723730051DC7F /* KPWebKitBrowserViewController.h */,
				B32A5CED1A2723730051DC7F /* KPWebKitBrowserViewController.m */,
				B32A5CEF1A27308C0051DC7F /* KPWebKitBrowserViewController.xib */,
			);
			name = ShareViewContrller;
			sourceTree = "<group>";
		};
		B3932ACE1A0A0D7A00AC0442 /* ShareManager */ = {
			isa = PBXGroup;
			children = (
				B3932AC81A092C4900AC0442 /* ShareViewContrller */,
				B30BADEE1A223142008E5E67 /* ShareStrategies */,
				B3932ACF1A0A0DA000AC0442 /* KPShareManager.h */,
				B3932AD01A0A0DA000AC0442 /* KPShareManager.m */,
				B30BADE81A21ED06008E5E67 /* NSDictionary+Strategy.h */,
				B30BADE91A21ED06008E5E67 /* NSDictionary+Strategy.m */,
			);
			name = ShareManager;
			sourceTree = "<group>";
		};
		B3F9694D1B89EB0C004065CE /* Cache */ = {
			isa = PBXGroup;
			children = (
				B3F969511B89EB51004065CE /* KCacheManager.h */,
				B3F969521B89EB51004065CE /* KCacheManager.m */,
				B3F969541B89F7C3004065CE /* NSMutableDictionary+Cache.h */,
				B3F969551B89F7C3004065CE /* NSMutableDictionary+Cache.m */,
				B3F969571B89F84C004065CE /* NSDictionary+Cache.h */,
				B3F969581B89F84C004065CE /* NSDictionary+Cache.m */,
			);
			name = Cache;
			sourceTree = "<group>";
		};
		BFA6F0D918BB796500F7C78F /* WideVine */ = {
			isa = PBXGroup;
			children = (
				BFC574A41997C296000511B8 /* libWViPhoneAPI.a */,
				BF927EBF18BCD75A006667CA /* WViPhoneAPI.h */,
			);
			name = WideVine;
			sourceTree = "<group>";
		};
		BFE342A1199BE79000C63F74 /* ChromecastDeviceController */ = {
			isa = PBXGroup;
			children = (
				BFE3429A199BE78900C63F74 /* ChromecastDeviceController.h */,
				BFE3429B199BE78900C63F74 /* ChromecastDeviceController.m */,
			);
			name = ChromecastDeviceController;
			sourceTree = "<group>";
		};
		BFE3E2F3199CAFCF00666F32 /* KalturaPlayer */ = {
			isa = PBXGroup;
			children = (
				B3F968F61B87480C004065CE /* KPController.h */,
				B3F968F71B87480C004065CE /* KPController.m */,
				B3F968ED1B874794004065CE /* KPController_Private.h */,
				B3F968EE1B874794004065CE /* KMediaPlayerDefines.h */,
				B3F968EF1B874794004065CE /* KPMediaPlayback.h */,
				B3F968EA1B874785004065CE /* KPlayerFactory.h */,
				B3F968EB1B874785004065CE /* KPlayerFactory.m */,
				B38DBB6D1B85ECBF003B7753 /* IMAHandler.h */,
				B3E58C421A76714700603B10 /* KPIMAPlayerViewController.h */,
				B3E58C431A76714700603B10 /* KPIMAPlayerViewController.m */,
				B329CD081AB19AC6004AB647 /* KPlayer.h */,
				B329CD091AB19AC6004AB647 /* KPlayer.m */,
			);
			name = KalturaPlayer;
			path = ..;
			sourceTree = "<group>";
		};
		BFFFA71E182F9E31005B3B24 = {
			isa = PBXGroup;
			children = (
				BFEE53BC1BBBEBAC00B14DC5 /* KPMediaPlayback.h */,
				B3553D1D1BCD2F4F005179F3 /* KDRMManager.h */,
				B3553D1E1BCD2F4F005179F3 /* KDRMManager.m */,
				BFEE53B31BBBEB2900B14DC5 /* KCCPlayer.h */,
				BFEE53B41BBBEB2900B14DC5 /* KCCPlayer.m */,
				BFEE53B51BBBEB2900B14DC5 /* KPChromecast.h */,
				BFEE53B61BBBEB2900B14DC5 /* KPChromecast.m */,
				B36674371A90914A00C3A4A7 /* player-sdk-native-ios.podspec */,
				BFFFA72C182F9E31005B3B24 /* KALTURAPlayerSDK */,
				B372892F1A8787D00076DD33 /* KPlayerResources */,
				BFFFA728182F9E31005B3B24 /* Products */,
			);
			sourceTree = "<group>";
		};
		BFFFA728182F9E31005B3B24 /* Products */ = {
			isa = PBXGroup;
			children = (
				BFFFA727182F9E31005B3B24 /* libKALTURAPlayerSDK.a */,
				B372892E1A8787D00076DD33 /* KALTURAPlayerSDKResources.bundle */,
			);
			name = Products;
			sourceTree = "<group>";
		};
		BFFFA72C182F9E31005B3B24 /* KALTURAPlayerSDK */ = {
			isa = PBXGroup;
			children = (
				B3F9694D1B89EB0C004065CE /* Cache */,
				B3F968FB1B8748B0004065CE /* KPURLProtocol.h */,
				B3F968FC1B8748B0004065CE /* KPURLProtocol.m */,
				B3F969001B8748B0004065CE /* CachedStrings.plist */,
				B3410D4A1A6D45B200275F00 /* Categories */,
				B35B85761A43258200DCDBF7 /* KPLogManager.h */,
				B35B85731A43258200DCDBF7 /* KPLogManager.m */,
				B3F969091B874940004065CE /* KPViewControllerProtocols.h */,
				B35B85751A43258200DCDBF7 /* KPLog.h */,
				B35B85741A43258200DCDBF7 /* KPLog.m */,
				B3F0F7001A3726CA00615DC4 /* DeviceParamsHandler.h */,
				B3F0F7011A3726CA00615DC4 /* DeviceParamsHandler.m */,
				B3932ACE1A0A0D7A00AC0442 /* ShareManager */,
				BFFFA877182FB8E4005B3B24 /* KPViewController */,
				BFE3E2F3199CAFCF00666F32 /* KalturaPlayer */,
				BFE342A1199BE79000C63F74 /* ChromecastDeviceController */,
				BFA6F0D918BB796500F7C78F /* WideVine */,
				BFFFA774182F9F10005B3B24 /* KPControlsWebView */,
				BFFFA72D182F9E31005B3B24 /* Supporting Files */,
			);
			name = KALTURAPlayerSDK;
			path = PlayerSDK;
			sourceTree = "<group>";
		};
		BFFFA72D182F9E31005B3B24 /* Supporting Files */ = {
			isa = PBXGroup;
			children = (
				BFFFA72E182F9E31005B3B24 /* PlayerSDK-Prefix.pch */,
			);
			name = "Supporting Files";
			sourceTree = "<group>";
		};
		BFFFA774182F9F10005B3B24 /* KPControlsWebView */ = {
			isa = PBXGroup;
			children = (
				B34C89371ADA65AA007C6A5D /* KPControlsView.h */,
				B34C89381ADA65AA007C6A5D /* KPControlsView.m */,
				B34C893A1ADA6847007C6A5D /* KPControlsUIWebview.h */,
				B34C893B1ADA6847007C6A5D /* KPControlsUIWebview.m */,
				B34C893D1ADA705F007C6A5D /* KPControlsWKWebview.h */,
				B34C893E1ADA705F007C6A5D /* KPControlsWKWebview.m */,
			);
			name = KPControlsWebView;
			sourceTree = "<group>";
		};
		BFFFA877182FB8E4005B3B24 /* KPViewController */ = {
			isa = PBXGroup;
			children = (
				B3F968F01B8747DA004065CE /* KPPlayerConfig.h */,
				B3F968F11B8747DA004065CE /* KPPlayerConfig.m */,
				B3F968F21B8747DA004065CE /* KPViewController.h */,
				B3F968F31B8747DA004065CE /* KPViewController.m */,
			);
			name = KPViewController;
			path = ..;
			sourceTree = "<group>";
		};
/* End PBXGroup section */

/* Begin PBXNativeTarget section */
		B372892D1A8787D00076DD33 /* KALTURAPlayerSDKResources */ = {
			isa = PBXNativeTarget;
			buildConfigurationList = B37289341A8787D00076DD33 /* Build configuration list for PBXNativeTarget "KALTURAPlayerSDKResources" */;
			buildPhases = (
				B372892A1A8787D00076DD33 /* Sources */,
				B372892B1A8787D00076DD33 /* Frameworks */,
				B372892C1A8787D00076DD33 /* Resources */,
			);
			buildRules = (
			);
			dependencies = (
			);
			name = KALTURAPlayerSDKResources;
			productName = KPlayerResources;
			productReference = B372892E1A8787D00076DD33 /* KALTURAPlayerSDKResources.bundle */;
			productType = "com.apple.product-type.bundle";
		};
		BFFFA726182F9E31005B3B24 /* KALTURAPlayerSDK */ = {
			isa = PBXNativeTarget;
			buildConfigurationList = BFFFA74C182F9E31005B3B24 /* Build configuration list for PBXNativeTarget "KALTURAPlayerSDK" */;
			buildPhases = (
				BFFFA723182F9E31005B3B24 /* Sources */,
				BFFFA724182F9E31005B3B24 /* Frameworks */,
				BFFFA725182F9E31005B3B24 /* CopyFiles */,
				B39BEC961A0BC7510085BA26 /* Resources */,
			);
			buildRules = (
			);
			dependencies = (
				B30D92841AF38B1E00CCCC30 /* PBXTargetDependency */,
			);
			name = KALTURAPlayerSDK;
			productName = PlayerSDK;
			productReference = BFFFA727182F9E31005B3B24 /* libKALTURAPlayerSDK.a */;
			productType = "com.apple.product-type.library.static";
		};
/* End PBXNativeTarget section */

/* Begin PBXProject section */
		BFFFA71F182F9E31005B3B24 /* Project object */ = {
			isa = PBXProject;
			attributes = {
				LastTestingUpgradeCheck = 0610;
				LastUpgradeCheck = 0630;
				ORGANIZATIONNAME = Kaltura;
				TargetAttributes = {
					B3166DD01AF26C4700E99B77 = {
						CreatedOnToolsVersion = 6.3;
					};
					B372892D1A8787D00076DD33 = {
						CreatedOnToolsVersion = 6.1.1;
					};
				};
			};
			buildConfigurationList = BFFFA722182F9E31005B3B24 /* Build configuration list for PBXProject "KALTURAPlayerSDK" */;
			compatibilityVersion = "Xcode 3.2";
			developmentRegion = English;
			hasScannedForEncodings = 0;
			knownRegions = (
				en,
			);
			mainGroup = BFFFA71E182F9E31005B3B24;
			productRefGroup = BFFFA728182F9E31005B3B24 /* Products */;
			projectDirPath = "";
			projectRoot = "";
			targets = (
				BFFFA726182F9E31005B3B24 /* KALTURAPlayerSDK */,
				B372892D1A8787D00076DD33 /* KALTURAPlayerSDKResources */,
				B3166DD01AF26C4700E99B77 /* Framework */,
			);
		};
/* End PBXProject section */

/* Begin PBXResourcesBuildPhase section */
		B372892C1A8787D00076DD33 /* Resources */ = {
			isa = PBXResourcesBuildPhase;
			buildActionMask = 2147483647;
			files = (
				B37289381A8789300076DD33 /* KPWebKitBrowserViewController.xib in Resources */,
				B37289371A8789260076DD33 /* KPBrowserViewController.xib in Resources */,
			);
			runOnlyForDeploymentPostprocessing = 0;
		};
		B39BEC961A0BC7510085BA26 /* Resources */ = {
			isa = PBXResourcesBuildPhase;
			buildActionMask = 2147483647;
			files = (
				B36674381A90914A00C3A4A7 /* player-sdk-native-ios.podspec in Resources */,
				B3F969051B8748B0004065CE /* CachedStrings.plist in Resources */,
			);
			runOnlyForDeploymentPostprocessing = 0;
		};
/* End PBXResourcesBuildPhase section */

/* Begin PBXShellScriptBuildPhase section */
		B3166DD41AF26C4D00E99B77 /* MultiPlatform Build */ = {
			isa = PBXShellScriptBuildPhase;
			buildActionMask = 2147483647;
			files = (
			);
			inputPaths = (
			);
			name = "MultiPlatform Build";
			outputPaths = (
			);
			runOnlyForDeploymentPostprocessing = 0;
			shellPath = /bin/sh;
			shellScript = "set -e\n\n# If we're already inside this script then die\nif [ -n \"$RW_MULTIPLATFORM_BUILD_IN_PROGRESS\" ]; then\nexit 0\nfi\nexport RW_MULTIPLATFORM_BUILD_IN_PROGRESS=1\n\nRW_FRAMEWORK_NAME=${PROJECT_NAME}\nRW_INPUT_STATIC_LIB=\"lib${PROJECT_NAME}.a\"\nRW_FRAMEWORK_LOCATION=\"${BUILT_PRODUCTS_DIR}/${RW_FRAMEWORK_NAME}.framework\"\n\nfunction build_static_library {\n    # Will rebuild the static library as specified\n    #     build_static_library sdk\n    xcrun xcodebuild -project \"${PROJECT_FILE_PATH}\" \\\n    -target \"${TARGET_NAME}\" \\\n    -configuration \"${CONFIGURATION}\" \\\n    -sdk \"${1}\" \\\n    ONLY_ACTIVE_ARCH=NO \\\n    BUILD_DIR=\"${BUILD_DIR}\" \\\n    OBJROOT=\"${OBJROOT}\" \\\n    BUILD_ROOT=\"${BUILD_ROOT}\" \\\n    SYMROOT=\"${SYMROOT}\" $ACTION\n}\n\nfunction make_fat_library {\n    # Will smash 2 static libs together\n    #     make_fat_library in1 in2 out\n    xcrun lipo -create \"${1}\" \"${2}\" -output \"${3}\"\n}\n\n# 1 - Extract the platform (iphoneos/iphonesimulator) from the SDK name\nif [[ \"$SDK_NAME\" =~ ([A-Za-z]+) ]]; then\nRW_SDK_PLATFORM=${BASH_REMATCH[1]}\nelse\necho \"Could not find platform name from SDK_NAME: $SDK_NAME\"\nexit 1\nfi\n\n# 2 - Extract the version from the SDK\nif [[ \"$SDK_NAME\" =~ ([0-9]+.*$) ]]; then\nRW_SDK_VERSION=${BASH_REMATCH[1]}\nelse\necho \"Could not find sdk version from SDK_NAME: $SDK_NAME\"\nexit 1\nfi\n\n# 3 - Determine the other platform\nif [ \"$RW_SDK_PLATFORM\" == \"iphoneos\" ]; then\nRW_OTHER_PLATFORM=iphonesimulator\nelse\nRW_OTHER_PLATFORM=iphoneos\nfi\n\n# 4 - Find the build directory\nif [[ \"$BUILT_PRODUCTS_DIR\" =~ (.*)$RW_SDK_PLATFORM$ ]]; then\nRW_OTHER_BUILT_PRODUCTS_DIR=\"${BASH_REMATCH[1]}${RW_OTHER_PLATFORM}\"\nelse\necho \"Could not find other platform build directory.\"\nexit 1\nfi\n\n# Build the other platform.\nbuild_static_library \"${RW_OTHER_PLATFORM}${RW_SDK_VERSION}\"\n\n# If we're currently building for iphonesimulator, then need to rebuild\n#   to ensure that we get both i386 and x86_64\nif [ \"$RW_SDK_PLATFORM\" == \"iphonesimulator\" ]; then\nbuild_static_library \"${SDK_NAME}\"\nfi\n\n# Join the 2 static libs into 1 and push into the .framework\nmake_fat_library \"${BUILT_PRODUCTS_DIR}/${RW_INPUT_STATIC_LIB}\" \\\n\"${RW_OTHER_BUILT_PRODUCTS_DIR}/${RW_INPUT_STATIC_LIB}\" \\\n\"${RW_FRAMEWORK_LOCATION}/Versions/A/${RW_FRAMEWORK_NAME}\"\n\n# Ensure that the framework is present in both platform's build directories\ncp -a \"${RW_FRAMEWORK_LOCATION}/Versions/A/${RW_FRAMEWORK_NAME}\" \\\n\"${RW_OTHER_BUILT_PRODUCTS_DIR}/${RW_FRAMEWORK_NAME}.framework/Versions/A/${RW_FRAMEWORK_NAME}\"\n\n# Copy the framework to the user's desktop\nditto \"${RW_FRAMEWORK_LOCATION}\" \"${HOME}/Desktop/${RW_FRAMEWORK_NAME}.framework\"\n\n# Copy the resources bundle to the user's desktop\nditto \"${BUILT_PRODUCTS_DIR}/${RW_FRAMEWORK_NAME}Resources.bundle\" \\\n\"${HOME}/Desktop/${RW_FRAMEWORK_NAME}Resources.bundle\"";
		};
/* End PBXShellScriptBuildPhase section */

/* Begin PBXSourcesBuildPhase section */
		B372892A1A8787D00076DD33 /* Sources */ = {
			isa = PBXSourcesBuildPhase;
			buildActionMask = 2147483647;
			files = (
			);
			runOnlyForDeploymentPostprocessing = 0;
		};
		BFFFA723182F9E31005B3B24 /* Sources */ = {
			isa = PBXSourcesBuildPhase;
			buildActionMask = 2147483647;
			files = (
				B3F968F81B87480C004065CE /* KPController.m in Sources */,
				B3F0F7021A3726CA00615DC4 /* DeviceParamsHandler.m in Sources */,
				B39BEC7B1A0A728A0085BA26 /* FacebookStrategy.m in Sources */,
				B329CD0A1AB19AC6004AB647 /* KPlayer.m in Sources */,
				BFEE53B81BBBEB2900B14DC5 /* KCCPlayer.m in Sources */,
				B3F968EC1B874785004065CE /* KPlayerFactory.m in Sources */,
				B3F969531B89EB51004065CE /* KCacheManager.m in Sources */,
				B3F969081B8748FF004065CE /* NSString+Utilities.m in Sources */,
				B3F968F41B8747DA004065CE /* KPPlayerConfig.m in Sources */,
				BFEE53B91BBBEB2900B14DC5 /* KPChromecast.m in Sources */,
				B34C89391ADA65AA007C6A5D /* KPControlsView.m in Sources */,
				B34C893F1ADA705F007C6A5D /* KPControlsWKWebview.m in Sources */,
				B3E58C441A76714700603B10 /* KPIMAPlayerViewController.m in Sources */,
				B3F968F51B8747DA004065CE /* KPViewController.m in Sources */,
				B39BEC9A1A0BCB280085BA26 /* KPBrowserViewController.m in Sources */,
				BFE3437C19A4A98200BBD1FD /* ChromecastDeviceController.m in Sources */,
				B35B85781A43258200DCDBF7 /* KPLog.m in Sources */,
				B30BADEA1A21ED06008E5E67 /* NSDictionary+Strategy.m in Sources */,
				B3F969561B89F7C3004065CE /* NSMutableDictionary+Cache.m in Sources */,
				B39BEC8F1A0B72760085BA26 /* SmsStrategy.m in Sources */,
				B39BEC831A0A80C00085BA26 /* TwitterStrategy.m in Sources */,
				B3F969591B89F84C004065CE /* NSDictionary+Cache.m in Sources */,
				B3410D4D1A6D45E000275F00 /* NSMutableDictionary+AdSupport.m in Sources */,
				B3932AD11A0A0DA000AC0442 /* KPShareManager.m in Sources */,
				B34C893C1ADA6847007C6A5D /* KPControlsUIWebview.m in Sources */,
				B32A5CEE1A2723730051DC7F /* KPWebKitBrowserViewController.m in Sources */,
				B3553D1F1BCD2F4F005179F3 /* KDRMManager.m in Sources */,
				B3F969021B8748B0004065CE /* KPURLProtocol.m in Sources */,
				B3A701C71A962296007D48DA /* linkedinStrategy.m in Sources */,
				B380C2821A1B7E3800BF172F /* GoogleplusStrategy.m in Sources */,
				B35B85771A43258200DCDBF7 /* KPLogManager.m in Sources */,
				B39BEC8C1A0B6EC40085BA26 /* EmailStrategy.m in Sources */,
			);
			runOnlyForDeploymentPostprocessing = 0;
		};
/* End PBXSourcesBuildPhase section */

/* Begin PBXTargetDependency section */
		B30D92821AF38A1500CCCC30 /* PBXTargetDependency */ = {
			isa = PBXTargetDependency;
			target = B372892D1A8787D00076DD33 /* KALTURAPlayerSDKResources */;
			targetProxy = B30D92811AF38A1500CCCC30 /* PBXContainerItemProxy */;
		};
		B30D92841AF38B1E00CCCC30 /* PBXTargetDependency */ = {
			isa = PBXTargetDependency;
			target = B372892D1A8787D00076DD33 /* KALTURAPlayerSDKResources */;
			targetProxy = B30D92831AF38B1E00CCCC30 /* PBXContainerItemProxy */;
		};
		B3166DD61AF26C5300E99B77 /* PBXTargetDependency */ = {
			isa = PBXTargetDependency;
			target = BFFFA726182F9E31005B3B24 /* KALTURAPlayerSDK */;
			targetProxy = B3166DD51AF26C5300E99B77 /* PBXContainerItemProxy */;
		};
/* End PBXTargetDependency section */

/* Begin XCBuildConfiguration section */
		B3166DD21AF26C4700E99B77 /* Debug */ = {
			isa = XCBuildConfiguration;
			buildSettings = {
				PRODUCT_NAME = "$(TARGET_NAME)";
				VALID_ARCHS = "arm64 armv7 i386";
			};
			name = Debug;
		};
		B3166DD31AF26C4700E99B77 /* Release */ = {
			isa = XCBuildConfiguration;
			buildSettings = {
				PRODUCT_NAME = "$(TARGET_NAME)";
				VALID_ARCHS = "arm64 armv7 i386";
			};
			name = Release;
		};
		B37289321A8787D00076DD33 /* Debug */ = {
			isa = XCBuildConfiguration;
			buildSettings = {
				ALWAYS_SEARCH_USER_PATHS = NO;
				CLANG_CXX_LANGUAGE_STANDARD = "gnu++0x";
				CLANG_CXX_LIBRARY = "libc++";
				CLANG_ENABLE_MODULES = YES;
				CLANG_WARN_BOOL_CONVERSION = YES;
				CLANG_WARN_CONSTANT_CONVERSION = YES;
				CLANG_WARN_DIRECT_OBJC_ISA_USAGE = YES_ERROR;
				CLANG_WARN_ENUM_CONVERSION = YES;
				CLANG_WARN_INT_CONVERSION = YES;
				CLANG_WARN_OBJC_ROOT_CLASS = YES_ERROR;
				CLANG_WARN_UNREACHABLE_CODE = YES;
				CLANG_WARN__DUPLICATE_METHOD_MATCH = YES;
				COMBINE_HIDPI_IMAGES = NO;
				COPY_PHASE_STRIP = NO;
				ENABLE_STRICT_OBJC_MSGSEND = YES;
				GCC_C_LANGUAGE_STANDARD = gnu99;
				GCC_PREPROCESSOR_DEFINITIONS = (
					"DEBUG=1",
					"$(inherited)",
				);
				GCC_WARN_64_TO_32_BIT_CONVERSION = YES;
				GCC_WARN_ABOUT_RETURN_TYPE = YES_ERROR;
				GCC_WARN_UNDECLARED_SELECTOR = YES;
				GCC_WARN_UNINITIALIZED_AUTOS = YES_AGGRESSIVE;
				GCC_WARN_UNUSED_FUNCTION = YES;
				INFOPLIST_FILE = KPlayerResources/Info.plist;
				INSTALL_PATH = "$(LOCAL_LIBRARY_DIR)/Bundles";
				MACOSX_DEPLOYMENT_TARGET = 10.10;
				MTL_ENABLE_DEBUG_INFO = YES;
				PRODUCT_NAME = KALTURAPlayerSDKResources;
				SDKROOT = iphoneos;
				SKIP_INSTALL = YES;
				VALID_ARCHS = "arm64 armv7";
				WRAPPER_EXTENSION = bundle;
			};
			name = Debug;
		};
		B37289331A8787D00076DD33 /* Release */ = {
			isa = XCBuildConfiguration;
			buildSettings = {
				ALWAYS_SEARCH_USER_PATHS = NO;
				CLANG_CXX_LANGUAGE_STANDARD = "gnu++0x";
				CLANG_CXX_LIBRARY = "libc++";
				CLANG_ENABLE_MODULES = YES;
				CLANG_WARN_BOOL_CONVERSION = YES;
				CLANG_WARN_CONSTANT_CONVERSION = YES;
				CLANG_WARN_DIRECT_OBJC_ISA_USAGE = YES_ERROR;
				CLANG_WARN_ENUM_CONVERSION = YES;
				CLANG_WARN_INT_CONVERSION = YES;
				CLANG_WARN_OBJC_ROOT_CLASS = YES_ERROR;
				CLANG_WARN_UNREACHABLE_CODE = YES;
				CLANG_WARN__DUPLICATE_METHOD_MATCH = YES;
				COMBINE_HIDPI_IMAGES = NO;
				DEBUG_INFORMATION_FORMAT = "dwarf-with-dsym";
				ENABLE_NS_ASSERTIONS = NO;
				ENABLE_STRICT_OBJC_MSGSEND = YES;
				GCC_C_LANGUAGE_STANDARD = gnu99;
				GCC_WARN_64_TO_32_BIT_CONVERSION = YES;
				GCC_WARN_ABOUT_RETURN_TYPE = YES_ERROR;
				GCC_WARN_UNDECLARED_SELECTOR = YES;
				GCC_WARN_UNINITIALIZED_AUTOS = YES_AGGRESSIVE;
				GCC_WARN_UNUSED_FUNCTION = YES;
				INFOPLIST_FILE = KPlayerResources/Info.plist;
				INSTALL_PATH = "$(LOCAL_LIBRARY_DIR)/Bundles";
				MACOSX_DEPLOYMENT_TARGET = 10.10;
				MTL_ENABLE_DEBUG_INFO = NO;
				PRODUCT_NAME = KALTURAPlayerSDKResources;
				SDKROOT = iphoneos;
				SKIP_INSTALL = YES;
				VALID_ARCHS = "arm64 armv7";
				WRAPPER_EXTENSION = bundle;
			};
			name = Release;
		};
		BFFFA74A182F9E31005B3B24 /* Debug */ = {
			isa = XCBuildConfiguration;
			buildSettings = {
				ALWAYS_SEARCH_USER_PATHS = YES;
				CLANG_CXX_LANGUAGE_STANDARD = "compiler-default";
				CLANG_CXX_LIBRARY = "compiler-default";
				CLANG_ENABLE_MODULES = YES;
				CLANG_ENABLE_OBJC_ARC = YES;
				CLANG_WARN_CONSTANT_CONVERSION = NO;
				CLANG_WARN_EMPTY_BODY = YES;
				CLANG_WARN_ENUM_CONVERSION = NO;
				CLANG_WARN_INT_CONVERSION = NO;
				CLANG_WARN__DUPLICATE_METHOD_MATCH = NO;
				COPY_PHASE_STRIP = YES;
				DEAD_CODE_STRIPPING = NO;
				DEFINES_MODULE = YES;
				ENABLE_BITCODE = NO;
				FRAMEWORK_SEARCH_PATHS = "";
				GCC_C_LANGUAGE_STANDARD = c99;
				GCC_DYNAMIC_NO_PIC = NO;
				GCC_OPTIMIZATION_LEVEL = 0;
				GCC_PREPROCESSOR_DEFINITIONS = (
					"DEBUG=1",
					"$(inherited)",
				);
				GCC_SYMBOLS_PRIVATE_EXTERN = NO;
				GCC_WARN_ABOUT_RETURN_TYPE = YES;
				GCC_WARN_UNINITIALIZED_AUTOS = YES;
				GCC_WARN_UNUSED_VARIABLE = YES;
				HEADER_SEARCH_PATHS = (
					"$(inherited)",
					/Applications/Xcode.app/Contents/Developer/Toolchains/XcodeDefault.xctoolchain/usr/include,
					"\"$(SRCROOT)/WViPhoneAPI.h\"",
				);
				IPHONEOS_DEPLOYMENT_TARGET = 6.0;
				LIBRARY_SEARCH_PATHS = (
					"\"$(SRCROOT)/libWViPhoneAPI.a\"",
					"\"$(SRCROOT)/libGoogleIMA3.a\"",
				);
				ONLY_ACTIVE_ARCH = YES;
				SDKROOT = iphoneos;
				TARGETED_DEVICE_FAMILY = "1,2";
				VALIDATE_PRODUCT = NO;
				VALID_ARCHS = "arm64 armv7";
			};
			name = Debug;
		};
		BFFFA74B182F9E31005B3B24 /* Release */ = {
			isa = XCBuildConfiguration;
			buildSettings = {
				ALWAYS_SEARCH_USER_PATHS = YES;
				CLANG_CXX_LANGUAGE_STANDARD = "compiler-default";
				CLANG_CXX_LIBRARY = "compiler-default";
				CLANG_ENABLE_MODULES = YES;
				CLANG_ENABLE_OBJC_ARC = YES;
				CLANG_WARN_CONSTANT_CONVERSION = NO;
				CLANG_WARN_EMPTY_BODY = YES;
				CLANG_WARN_ENUM_CONVERSION = NO;
				CLANG_WARN_INT_CONVERSION = NO;
				CLANG_WARN__DUPLICATE_METHOD_MATCH = NO;
				COPY_PHASE_STRIP = YES;
				DEAD_CODE_STRIPPING = NO;
				DEFINES_MODULE = YES;
				ENABLE_BITCODE = NO;
				FRAMEWORK_SEARCH_PATHS = "";
				GCC_C_LANGUAGE_STANDARD = c99;
				GCC_WARN_ABOUT_RETURN_TYPE = YES;
				GCC_WARN_UNINITIALIZED_AUTOS = YES;
				GCC_WARN_UNUSED_VARIABLE = YES;
				HEADER_SEARCH_PATHS = (
					"$(inherited)",
					/Applications/Xcode.app/Contents/Developer/Toolchains/XcodeDefault.xctoolchain/usr/include,
					"\"$(SRCROOT)/WViPhoneAPI.h\"",
				);
				IPHONEOS_DEPLOYMENT_TARGET = 6.0;
				"IPHONEOS_DEPLOYMENT_TARGET[sdk=iphoneos*]" = 5.1.1;
				LIBRARY_SEARCH_PATHS = (
					"\"$(SRCROOT)/libWViPhoneAPI.a\"",
					"\"$(SRCROOT)/libGoogleIMA3.a\"",
				);
				ONLY_ACTIVE_ARCH = NO;
				OTHER_CFLAGS = "-DNS_BLOCK_ASSERTIONS=1";
				SDKROOT = iphoneos;
				TARGETED_DEVICE_FAMILY = "1,2";
				VALIDATE_PRODUCT = NO;
				VALID_ARCHS = "arm64 armv7";
			};
			name = Release;
		};
		BFFFA74D182F9E31005B3B24 /* Debug */ = {
			isa = XCBuildConfiguration;
			buildSettings = {
				CLANG_CXX_LANGUAGE_STANDARD = "compiler-default";
				CLANG_CXX_LIBRARY = "compiler-default";
				CLANG_ENABLE_MODULES = YES;
				COPY_PHASE_STRIP = NO;
				DEAD_CODE_STRIPPING = NO;
				DEFINES_MODULE = YES;
				DSTROOT = /tmp/PlayerSDK.dst;
				ENABLE_BITCODE = NO;
				FRAMEWORK_SEARCH_PATHS = (
					"$(inherited)",
					"$(PROJECT_DIR)",
				);
				GCC_C_LANGUAGE_STANDARD = c99;
				GCC_PRECOMPILE_PREFIX_HEADER = YES;
				GCC_PREFIX_HEADER = "PlayerSDK/PlayerSDK-Prefix.pch";
				HEADER_SEARCH_PATHS = (
					"$(inherited)",
					/Applications/Xcode.app/Contents/Developer/Toolchains/XcodeDefault.xctoolchain/usr/include,
				);
				IPHONEOS_DEPLOYMENT_TARGET = 8.0;
				LIBRARY_SEARCH_PATHS = (
					"$(inherited)",
					"$(PROJECT_DIR)",
				);
				ONLY_ACTIVE_ARCH = NO;
				OTHER_CPLUSPLUSFLAGS = "$(OTHER_CFLAGS)";
				OTHER_LDFLAGS = (
					"-ObjC",
					"-all_load",
				);
				PRODUCT_NAME = KALTURAPlayerSDK;
				PUBLIC_HEADERS_FOLDER_PATH = "include/$(PROJECT_NAME)";
				SKIP_INSTALL = YES;
				STRIP_STYLE = "non-global";
				VALID_ARCHS = "arm64 armv7 i386";
			};
			name = Debug;
		};
		BFFFA74E182F9E31005B3B24 /* Release */ = {
			isa = XCBuildConfiguration;
			buildSettings = {
				CLANG_CXX_LANGUAGE_STANDARD = "compiler-default";
				CLANG_CXX_LIBRARY = "compiler-default";
				CLANG_ENABLE_MODULES = YES;
				COPY_PHASE_STRIP = NO;
				DEAD_CODE_STRIPPING = NO;
				DEFINES_MODULE = YES;
				DSTROOT = /tmp/PlayerSDK.dst;
				ENABLE_BITCODE = NO;
				FRAMEWORK_SEARCH_PATHS = (
					"$(inherited)",
					"$(PROJECT_DIR)",
				);
				GCC_C_LANGUAGE_STANDARD = c99;
				GCC_PRECOMPILE_PREFIX_HEADER = YES;
				GCC_PREFIX_HEADER = "PlayerSDK/PlayerSDK-Prefix.pch";
				HEADER_SEARCH_PATHS = (
					"$(inherited)",
					/Applications/Xcode.app/Contents/Developer/Toolchains/XcodeDefault.xctoolchain/usr/include,
				);
				IPHONEOS_DEPLOYMENT_TARGET = 8.0;
				"IPHONEOS_DEPLOYMENT_TARGET[sdk=iphoneos*]" = 8.0;
				LIBRARY_SEARCH_PATHS = (
					"$(inherited)",
					"$(PROJECT_DIR)",
				);
				ONLY_ACTIVE_ARCH = NO;
				OTHER_LDFLAGS = (
					"-ObjC",
					"-all_load",
				);
				PRODUCT_NAME = KALTURAPlayerSDK;
				PUBLIC_HEADERS_FOLDER_PATH = "include/$(PROJECT_NAME)";
				SKIP_INSTALL = YES;
				STRIP_STYLE = "non-global";
				VALID_ARCHS = "arm64 armv7 i386";
			};
			name = Release;
		};
/* End XCBuildConfiguration section */

/* Begin XCConfigurationList section */
		B3166DD11AF26C4700E99B77 /* Build configuration list for PBXAggregateTarget "Framework" */ = {
			isa = XCConfigurationList;
			buildConfigurations = (
				B3166DD21AF26C4700E99B77 /* Debug */,
				B3166DD31AF26C4700E99B77 /* Release */,
			);
			defaultConfigurationIsVisible = 0;
			defaultConfigurationName = Release;
		};
		B37289341A8787D00076DD33 /* Build configuration list for PBXNativeTarget "KALTURAPlayerSDKResources" */ = {
			isa = XCConfigurationList;
			buildConfigurations = (
				B37289321A8787D00076DD33 /* Debug */,
				B37289331A8787D00076DD33 /* Release */,
			);
			defaultConfigurationIsVisible = 0;
			defaultConfigurationName = Release;
		};
		BFFFA722182F9E31005B3B24 /* Build configuration list for PBXProject "KALTURAPlayerSDK" */ = {
			isa = XCConfigurationList;
			buildConfigurations = (
				BFFFA74A182F9E31005B3B24 /* Debug */,
				BFFFA74B182F9E31005B3B24 /* Release */,
			);
			defaultConfigurationIsVisible = 0;
			defaultConfigurationName = Release;
		};
		BFFFA74C182F9E31005B3B24 /* Build configuration list for PBXNativeTarget "KALTURAPlayerSDK" */ = {
			isa = XCConfigurationList;
			buildConfigurations = (
				BFFFA74D182F9E31005B3B24 /* Debug */,
				BFFFA74E182F9E31005B3B24 /* Release */,
			);
			defaultConfigurationIsVisible = 0;
			defaultConfigurationName = Release;
		};
/* End XCConfigurationList section */
	};
	rootObject = BFFFA71F182F9E31005B3B24 /* Project object */;
}
